<?xml version="1.0" encoding="utf-8"?>
<Project ToolsVersion="4.0" xmlns="http://schemas.microsoft.com/developer/msbuild/2003">
  <ItemGroup>
    <Filter Include="ソース ファイル">
      <UniqueIdentifier>{4FC737F1-C7A5-4376-A066-2A32D752A2FF}</UniqueIdentifier>
      <Extensions>cpp;c;cc;cxx;c++;cppm;ixx;def;odl;idl;hpj;bat;asm;asmx</Extensions>
    </Filter>
    <Filter Include="ヘッダー ファイル">
      <UniqueIdentifier>{93995380-89BD-4b04-88EB-625FBE52EBFB}</UniqueIdentifier>
      <Extensions>h;hh;hpp;hxx;h++;hm;inl;inc;ipp;xsd</Extensions>
    </Filter>
    <Filter Include="リソース ファイル">
      <UniqueIdentifier>{67DA6AB6-F800-4c08-8B7A-83BB121AAD01}</UniqueIdentifier>
      <Extensions>rc;ico;cur;bmp;dlg;rc2;rct;bin;rgs;gif;jpg;jpeg;jpe;resx;tiff;tif;png;wav;mfcribbon-ms</Extensions>
    </Filter>
    <Filter Include="Engine">
      <UniqueIdentifier>{a6c28e9f-6d8d-42ec-907b-a112c3cf9d51}</UniqueIdentifier>
    </Filter>
    <Filter Include="Engine\2D">
      <UniqueIdentifier>{9da9612f-9dff-40f9-b800-a578765d1688}</UniqueIdentifier>
    </Filter>
    <Filter Include="Engine\3D">
      <UniqueIdentifier>{e7730537-d31b-408d-9aa5-ebf131d54f9d}</UniqueIdentifier>
    </Filter>
    <Filter Include="Engine\Audio">
      <UniqueIdentifier>{a862bee7-390e-43ab-a1d1-dcfda0a115a4}</UniqueIdentifier>
    </Filter>
    <Filter Include="Engine\Base">
      <UniqueIdentifier>{54c51a6a-0bf9-4e7d-bbe2-ee1301fc3c45}</UniqueIdentifier>
    </Filter>
    <Filter Include="Engine\Camera">
      <UniqueIdentifier>{9a35c47e-6f93-495c-a44e-4dad89e6c889}</UniqueIdentifier>
    </Filter>
    <Filter Include="Engine\Collider">
      <UniqueIdentifier>{73d2e424-5f8d-41a8-8e43-3dfdc233363e}</UniqueIdentifier>
    </Filter>
    <Filter Include="Engine\Collision">
      <UniqueIdentifier>{4a99d785-5cce-485f-bd4c-76910d719616}</UniqueIdentifier>
    </Filter>
    <Filter Include="Engine\Framework">
      <UniqueIdentifier>{c04966b5-cd5c-4191-b667-20437b368087}</UniqueIdentifier>
    </Filter>
    <Filter Include="Engine\GlobalVariabls">
      <UniqueIdentifier>{7e29d13c-2cf0-4acd-9be8-a3361ab37c37}</UniqueIdentifier>
    </Filter>
    <Filter Include="Engine\Input">
      <UniqueIdentifier>{11612016-ed7d-4aff-b8df-402d86c7f155}</UniqueIdentifier>
    </Filter>
    <Filter Include="Engine\Math">
      <UniqueIdentifier>{a0c0bc3f-c025-4c9b-a245-ac253e25e0f3}</UniqueIdentifier>
    </Filter>
    <Filter Include="Engine\Particle">
      <UniqueIdentifier>{9ba27f3f-6c32-4aee-9c70-ed35ff1c09fb}</UniqueIdentifier>
    </Filter>
    <Filter Include="Engine\Scene">
      <UniqueIdentifier>{16def694-51ab-40ae-a0ff-b532ff9a080c}</UniqueIdentifier>
    </Filter>
    <Filter Include="Engine\SceneTransition">
      <UniqueIdentifier>{c77ce6b1-ad48-464c-aff4-98414cdb5866}</UniqueIdentifier>
    </Filter>
    <Filter Include="externals">
      <UniqueIdentifier>{ee350eb1-2422-4fed-878d-666b9701a2b9}</UniqueIdentifier>
    </Filter>
    <Filter Include="externals\imgui">
      <UniqueIdentifier>{4c4620f5-67f8-48e2-9e24-c1998bbb61d9}</UniqueIdentifier>
    </Filter>
    <Filter Include="shaders">
      <UniqueIdentifier>{f396d004-2ac9-4df9-989d-74d1860bd5d0}</UniqueIdentifier>
    </Filter>
    <Filter Include="Application">
      <UniqueIdentifier>{9c627bdc-6eab-4551-adce-18be8337f0d1}</UniqueIdentifier>
    </Filter>
    <Filter Include="Application\Skydome">
      <UniqueIdentifier>{5e2ab7d8-fdc5-492f-bc01-9c18dd7e23a6}</UniqueIdentifier>
    </Filter>
    <Filter Include="Application\Particle">
      <UniqueIdentifier>{2d4d8d71-6bfc-42c4-bf7e-2a8597a09e58}</UniqueIdentifier>
    </Filter>
    <Filter Include="Application\Scene">
      <UniqueIdentifier>{dafad515-fad3-46a5-9c01-09a32950a793}</UniqueIdentifier>
    </Filter>
    <Filter Include="Application\SceneTransition">
      <UniqueIdentifier>{6a275db4-3602-45c1-a06e-3c7b1ace8b0e}</UniqueIdentifier>
    </Filter>
    <Filter Include="Engine\Line">
      <UniqueIdentifier>{6558aabd-3cbd-4ea1-bcdb-5f63ade457ba}</UniqueIdentifier>
    </Filter>
    <Filter Include="Engine\Animation">
      <UniqueIdentifier>{43280e91-b268-4c81-aac7-d52c62b831b0}</UniqueIdentifier>
    </Filter>
    <Filter Include="Application\Collider">
      <UniqueIdentifier>{6e8db13d-e007-4744-a040-88bc34cd30d8}</UniqueIdentifier>
    </Filter>
    <Filter Include="Application\FollowCamera">
      <UniqueIdentifier>{3ad98989-b0b2-461b-bd74-7fda84f7692f}</UniqueIdentifier>
    </Filter>
    <Filter Include="Application\UI">
      <UniqueIdentifier>{0b3658e1-3d24-45eb-85b9-841a9f303cf5}</UniqueIdentifier>
    </Filter>
    <Filter Include="Engine\Base\GraphicsPipelineState">
      <UniqueIdentifier>{09734e10-8fc5-4059-932a-21b9f930834c}</UniqueIdentifier>
    </Filter>
    <Filter Include="Engine\Light">
      <UniqueIdentifier>{5a091109-c03a-49db-8519-00c4afaea1c6}</UniqueIdentifier>
    </Filter>
    <Filter Include="Engine\Light\DirctionalLight">
      <UniqueIdentifier>{730d29a6-eb73-4747-b63e-a560d53d9922}</UniqueIdentifier>
    </Filter>
    <Filter Include="Application\Object">
      <UniqueIdentifier>{9b49da27-3781-4d42-bc44-35235504c6e2}</UniqueIdentifier>
    </Filter>
    <Filter Include="Application\Object\Sample">
      <UniqueIdentifier>{3cd2eab6-d125-4f00-80a5-f268f1095b83}</UniqueIdentifier>
    </Filter>
    <Filter Include="Engine\Light\PointLight">
      <UniqueIdentifier>{45e944ff-3794-4207-a952-3e887cba860a}</UniqueIdentifier>
    </Filter>
    <Filter Include="Engine\Light\SpotLight">
      <UniqueIdentifier>{d5e9efe7-d1ab-4ead-b769-1f4daac54dd0}</UniqueIdentifier>
    </Filter>
    <Filter Include="Engine\3D\Model">
      <UniqueIdentifier>{8b136702-1927-41e2-86ea-a1a8ecbf5733}</UniqueIdentifier>
    </Filter>
    <Filter Include="Engine\Math\Vector2">
      <UniqueIdentifier>{86e847a6-2027-4659-adc8-699d634e6985}</UniqueIdentifier>
    </Filter>
    <Filter Include="Engine\Math\vector3">
      <UniqueIdentifier>{f2ea7e92-ccfe-402b-a773-59564c924aac}</UniqueIdentifier>
    </Filter>
    <Filter Include="Engine\Math\Matrix4x4">
      <UniqueIdentifier>{358fa42c-da60-4ac5-9e6b-cf5c70c0bda9}</UniqueIdentifier>
    </Filter>
    <Filter Include="Application\Collider2D">
      <UniqueIdentifier>{9ac58789-fc1d-4653-9fe5-d73a64de3881}</UniqueIdentifier>
    </Filter>
    <Filter Include="Engine\Collider2D">
      <UniqueIdentifier>{803ed6ba-ffb7-4b13-bd75-ec906b55bd5e}</UniqueIdentifier>
    </Filter>
    <Filter Include="Engine\Collision2D">
      <UniqueIdentifier>{95aa401e-56dd-44f1-a91e-f8697ec6cffb}</UniqueIdentifier>
    </Filter>
    <Filter Include="Engine\Physics">
      <UniqueIdentifier>{f9fdb36f-4499-44e1-923b-1561a4be810b}</UniqueIdentifier>
    </Filter>
    <Filter Include="Engine\Physics\RigidBody">
      <UniqueIdentifier>{13edc2a6-19f7-423f-b819-2a54d5a8b20f}</UniqueIdentifier>
    </Filter>
    <Filter Include="Engine\Physics\MassPoint">
      <UniqueIdentifier>{a2de3946-99d7-46d5-9e96-78cad556a4e5}</UniqueIdentifier>
    </Filter>
    <Filter Include="Engine\Math\Matrix3x3">
      <UniqueIdentifier>{7f7d088f-e420-4dd5-8ae3-748e04aa8d24}</UniqueIdentifier>
    </Filter>
    <Filter Include="Engine\Base\DescriptorHerpManager">
      <UniqueIdentifier>{55c4d868-4816-480f-9511-a27ca23aef2c}</UniqueIdentifier>
    </Filter>
    <Filter Include="Engine\Base\DxCommon">
      <UniqueIdentifier>{89b7696d-ce1f-4c90-8d01-4cd1a69b981b}</UniqueIdentifier>
    </Filter>
    <Filter Include="shaders\Collider2DDebug">
      <UniqueIdentifier>{ed0acce8-727f-4826-820e-5ee61a8e7f97}</UniqueIdentifier>
    </Filter>
    <Filter Include="shaders\Line">
      <UniqueIdentifier>{d0b2d68d-ef6e-4a33-aab1-23dd984656c0}</UniqueIdentifier>
    </Filter>
    <Filter Include="shaders\Patrticle">
      <UniqueIdentifier>{8a770c6d-962d-4bbb-a0cf-609fc3c270e1}</UniqueIdentifier>
    </Filter>
    <Filter Include="shaders\Sprite">
      <UniqueIdentifier>{bcd03177-6322-4dc5-96fb-0dfe0a3f1def}</UniqueIdentifier>
    </Filter>
    <Filter Include="shaders\PostEffect">
      <UniqueIdentifier>{bb8c5e74-1d42-431a-a81b-b1a379c467cc}</UniqueIdentifier>
    </Filter>
    <Filter Include="Engine\Contactrecord">
      <UniqueIdentifier>{b78d0397-b950-4950-ac76-2fee455b2694}</UniqueIdentifier>
    </Filter>
    <Filter Include="Engine\PostEffect">
      <UniqueIdentifier>{9529b762-701a-4790-8a8d-63cfc032316a}</UniqueIdentifier>
    </Filter>
    <Filter Include="Engine\Physics\Spring">
      <UniqueIdentifier>{7a9cc686-8766-4211-817f-206d6be69ea8}</UniqueIdentifier>
    </Filter>
    <Filter Include="Application\Object\Player">
      <UniqueIdentifier>{b293918d-2bcb-4225-ae76-acb6b9fdcf73}</UniqueIdentifier>
    </Filter>
    <Filter Include="Application\Object\Player\State">
      <UniqueIdentifier>{9fff1f53-4f9e-4c83-b3b7-78059ae992e7}</UniqueIdentifier>
    </Filter>
    <Filter Include="Application\Object\Player\System">
      <UniqueIdentifier>{072e4e32-ee4e-4e4e-90e7-21f4d6cbdbb2}</UniqueIdentifier>
    </Filter>
    <Filter Include="Application\Object\Enemy">
      <UniqueIdentifier>{46ce4367-7435-4b32-8c8e-245c987ef51d}</UniqueIdentifier>
    </Filter>
    <Filter Include="Application\System">
      <UniqueIdentifier>{dc265678-a7c1-47a4-bfdc-6a41ffedfd1f}</UniqueIdentifier>
    </Filter>
    <Filter Include="shaders\Model">
      <UniqueIdentifier>{e8b1b387-3420-407b-b41a-60165565e62a}</UniqueIdentifier>
    </Filter>
    <Filter Include="shaders\WindowSprite">
      <UniqueIdentifier>{30140878-4e83-4bd0-aeca-3a4709ae9343}</UniqueIdentifier>
    </Filter>
    <Filter Include="Engine\2D\ImGui">
      <UniqueIdentifier>{61f17a59-79dc-4835-9519-4dbca74314a2}</UniqueIdentifier>
    </Filter>
    <Filter Include="Engine\2D\Sprite">
      <UniqueIdentifier>{18d72906-6b96-480d-a1db-ea03a41e5837}</UniqueIdentifier>
    </Filter>
    <Filter Include="Engine\3D\Fog">
      <UniqueIdentifier>{32fac6f9-0f47-481e-9b86-ec8d522ff2a8}</UniqueIdentifier>
    </Filter>
    <Filter Include="Engine\3D\Line">
      <UniqueIdentifier>{7e7cb777-f2d6-41fb-993b-d21a575baf28}</UniqueIdentifier>
    </Filter>
    <Filter Include="Engine\3D\Material">
      <UniqueIdentifier>{ef334e55-1060-40c1-9a67-32c7b428f998}</UniqueIdentifier>
    </Filter>
    <Filter Include="Engine\3D\Outline">
      <UniqueIdentifier>{a4eb2646-fb2d-462f-a789-bc5ae8660989}</UniqueIdentifier>
    </Filter>
    <Filter Include="Engine\3D\Transform">
      <UniqueIdentifier>{9a17515a-5990-4357-8566-7fc9de54d3bb}</UniqueIdentifier>
    </Filter>
    <Filter Include="Engine\3D\Vertex">
      <UniqueIdentifier>{8d18fc6f-4932-4001-8227-3f33df864068}</UniqueIdentifier>
    </Filter>
    <Filter Include="Engine\Base\Texture">
      <UniqueIdentifier>{fa033a1d-e825-48ef-87a5-4ad59b6413b9}</UniqueIdentifier>
    </Filter>
    <Filter Include="Engine\Base\WindowSprite">
      <UniqueIdentifier>{7751a803-3db5-4271-b51f-b96115ac5bf4}</UniqueIdentifier>
    </Filter>
    <Filter Include="Engine\Particle\GPUParticle">
      <UniqueIdentifier>{2cd1e320-67e1-4cd9-9ff2-442a73adeb3b}</UniqueIdentifier>
    </Filter>
    <Filter Include="Engine\Level">
      <UniqueIdentifier>{c717fe70-e141-43bb-80e4-cd1c48305978}</UniqueIdentifier>
    </Filter>
    <Filter Include="Engine\SkyBox">
      <UniqueIdentifier>{4b45dc21-77a0-4e0f-a6af-f6186f24b65c}</UniqueIdentifier>
    </Filter>
    <Filter Include="Engine\Object">
      <UniqueIdentifier>{e07ee63c-28e4-42ff-b09b-caf09754b225}</UniqueIdentifier>
    </Filter>
    <Filter Include="Application\Object\Enemy\Ghost">
      <UniqueIdentifier>{6126349a-0e49-4181-9162-1455d53c579e}</UniqueIdentifier>
    </Filter>
    <Filter Include="Application\Object\Enemy\Ghost\State">
      <UniqueIdentifier>{ca8fde60-6e80-4aa4-b151-f35bc103a540}</UniqueIdentifier>
    </Filter>
    <Filter Include="Application\Object\Enemy\AxSpearMan">
      <UniqueIdentifier>{a9c15fe5-077d-4abf-a9b8-806351193ab3}</UniqueIdentifier>
    </Filter>
    <Filter Include="Application\Object\Enemy\AxSpearMan\State">
      <UniqueIdentifier>{676e1830-9d84-4297-874c-df9edfbc05ff}</UniqueIdentifier>
    </Filter>
    <Filter Include="Application\Object\Manager">
      <UniqueIdentifier>{7d36b8c3-2e09-4777-9b3e-ab256e224b84}</UniqueIdentifier>
    </Filter>
    <Filter Include="Application\Object\Enemy\AxSpearMan\State\DashSwingDown">
      <UniqueIdentifier>{c62a3fe1-2e67-419a-be93-3a2644e6aca2}</UniqueIdentifier>
    </Filter>
    <Filter Include="Application\Object\Enemy\AxSpearMan\State\Root">
      <UniqueIdentifier>{f2387f7a-ea68-495d-af79-d4f9c5c3139a}</UniqueIdentifier>
    </Filter>
    <Filter Include="Application\Object\Enemy\AxSpearMan\State\WaitSee">
      <UniqueIdentifier>{25c9fa6a-38c5-4467-a6c1-0128f7bca38d}</UniqueIdentifier>
    </Filter>
    <Filter Include="Application\Object\Enemy\Ghost\State\Attack">
      <UniqueIdentifier>{2b419da7-831f-4409-927c-738c151d186c}</UniqueIdentifier>
    </Filter>
    <Filter Include="Application\Object\Enemy\Ghost\State\Chase">
      <UniqueIdentifier>{0840d808-b90f-431a-8351-4ce2dc4d0df6}</UniqueIdentifier>
    </Filter>
    <Filter Include="Application\Object\Enemy\Ghost\State\Damage">
      <UniqueIdentifier>{34020ff4-33a6-44f5-a647-4c947d182482}</UniqueIdentifier>
    </Filter>
    <Filter Include="Application\Object\Enemy\Ghost\State\Root">
      <UniqueIdentifier>{b91d5223-7f79-4347-a51b-a476c4c6d228}</UniqueIdentifier>
    </Filter>
    <Filter Include="Application\Object\Enemy\Ghost\State\Dead">
      <UniqueIdentifier>{92bd9917-1fc1-43de-9fea-8ae62e5f3075}</UniqueIdentifier>
    </Filter>
    <Filter Include="Application\Object\Enemy\AxSpearMan\State\ShakeOff">
      <UniqueIdentifier>{6cbbc51a-fa55-4b80-8acf-062c671e7e66}</UniqueIdentifier>
    </Filter>
    <Filter Include="Application\Object\Enemy\AxSpearMan\State\3Consecutive">
      <UniqueIdentifier>{0c0ca424-de27-4642-b842-29d42bb993b3}</UniqueIdentifier>
    </Filter>
    <Filter Include="Application\Object\Enemy\AxSpearMan\System">
      <UniqueIdentifier>{ff5c1db8-9755-47d0-afe0-423bd6a658c6}</UniqueIdentifier>
    </Filter>
    <Filter Include="Application\Object\Enemy\AxSpearMan\System\Command">
      <UniqueIdentifier>{175a1125-cc85-42a6-9526-7974551b82b3}</UniqueIdentifier>
    </Filter>
    <Filter Include="Application\Object\Enemy\AxSpearMan\System\Weapon">
      <UniqueIdentifier>{cf74641f-2e1b-4259-9fcc-017f443435f5}</UniqueIdentifier>
    </Filter>
    <Filter Include="Application\Object\Enemy\AxSpearMan\System\Beam">
      <UniqueIdentifier>{21c90584-4255-4dd3-b49f-3cdc5db180c4}</UniqueIdentifier>
    </Filter>
    <Filter Include="shaders\Skybox">
      <UniqueIdentifier>{0b26f4fb-a8ff-4992-beb0-5c6b50639ad4}</UniqueIdentifier>
    </Filter>
    <Filter Include="shaders\GPUParticle">
      <UniqueIdentifier>{4e266167-bfa4-4a5f-9fcc-b1b043363362}</UniqueIdentifier>
    </Filter>
    <Filter Include="Engine\PostEffect\ShockWave">
      <UniqueIdentifier>{600e1024-ea0a-4066-8de5-f16ab2f3daff}</UniqueIdentifier>
    </Filter>
    <Filter Include="Engine\PostEffect\Velocity2D">
      <UniqueIdentifier>{a72231d5-50e4-4897-82b2-2948fdce4f79}</UniqueIdentifier>
    </Filter>
    <Filter Include="Engine\PostEffect\HSVFilter">
      <UniqueIdentifier>{a1c50174-1ef5-48db-8ea8-68ace9c260de}</UniqueIdentifier>
    </Filter>
    <Filter Include="Application\Object\Enemy\AxSpearMan\State\Beam">
      <UniqueIdentifier>{77ebd6b8-3474-4794-a68e-6e0ca378c9e9}</UniqueIdentifier>
    </Filter>
    <Filter Include="Application\Object\BaseWeapon">
      <UniqueIdentifier>{10463b8a-d107-4e0d-aec7-b819be3f5c11}</UniqueIdentifier>
    </Filter>
    <Filter Include="Engine\Physics\Gravity">
      <UniqueIdentifier>{fdc13d48-4325-433a-9c95-20e493b58176}</UniqueIdentifier>
    </Filter>
    <Filter Include="shaders\GPUParticle\CS">
      <UniqueIdentifier>{482ae5e3-9be5-4744-8de5-2b31ea21eb45}</UniqueIdentifier>
    </Filter>
    <Filter Include="Application\GPUParticle">
      <UniqueIdentifier>{ea7adfd4-0777-456d-baec-6c83d5512967}</UniqueIdentifier>
    </Filter>
    <Filter Include="Application\Object\Bonfire">
      <UniqueIdentifier>{2b4ed839-b0ce-44db-8e0b-9d85684bee39}</UniqueIdentifier>
    </Filter>
    <Filter Include="Application\Object\Player\Title">
      <UniqueIdentifier>{f2e9c355-4935-4361-8c80-a0131839b051}</UniqueIdentifier>
    </Filter>
    <Filter Include="Application\Object\Enemy\Ghost\State\Cadaver">
      <UniqueIdentifier>{87597692-bbb0-48d9-928c-4701c49d6bc9}</UniqueIdentifier>
    </Filter>
    <Filter Include="Application\Object\Obstacle">
      <UniqueIdentifier>{86476363-7738-4157-a04a-70a59cd5cda7}</UniqueIdentifier>
    </Filter>
    <Filter Include="Application\Object\Obstacle\Block">
      <UniqueIdentifier>{1d2d094d-bc38-4f06-a0b3-44bff7959339}</UniqueIdentifier>
    </Filter>
    <Filter Include="Application\Object\Obstacle\Ground">
      <UniqueIdentifier>{59beeb5c-dcf2-4572-b6ee-2ee83a88d375}</UniqueIdentifier>
    </Filter>
    <Filter Include="Application\Object\Obstacle\PillarFoundation">
      <UniqueIdentifier>{e20c0039-5692-417f-8b05-a870c533d65f}</UniqueIdentifier>
    </Filter>
    <Filter Include="Application\Object\Physics">
      <UniqueIdentifier>{142f1e33-82f0-4c05-8dff-f9a8288dbd7d}</UniqueIdentifier>
    </Filter>
    <Filter Include="Application\Object\Physics\Pillar">
      <UniqueIdentifier>{fd49b6f0-2fb5-4617-a706-ffe73f043ec7}</UniqueIdentifier>
    </Filter>
    <Filter Include="shaders\PostEffect\BinaryThreshold">
      <UniqueIdentifier>{093be72a-54f4-4c89-9465-faf8cf1c7f5c}</UniqueIdentifier>
    </Filter>
    <Filter Include="shaders\PostEffect\GaussianBlur">
      <UniqueIdentifier>{a15c603c-00e8-43ec-9f9e-5100706adb9f}</UniqueIdentifier>
    </Filter>
    <Filter Include="shaders\PostEffect\Bloom">
      <UniqueIdentifier>{8c679bab-b11a-41d7-924b-b9fd60a3b749}</UniqueIdentifier>
    </Filter>
    <Filter Include="shaders\PostEffect\MotionBlur">
      <UniqueIdentifier>{8d653675-ba8c-49e3-be73-41d08937bb70}</UniqueIdentifier>
    </Filter>
    <Filter Include="shaders\PostEffect\WhiteNoise">
      <UniqueIdentifier>{a9bcd606-4cb2-4de2-951d-0e315e0ef41e}</UniqueIdentifier>
    </Filter>
    <Filter Include="shaders\PostEffect\ScanLine">
      <UniqueIdentifier>{4bfbab16-2f26-452d-bd3d-821e29981d79}</UniqueIdentifier>
    </Filter>
    <Filter Include="shaders\PostEffect\RGBShift">
      <UniqueIdentifier>{35cc77c7-f7b0-41c7-8465-60e95763fae8}</UniqueIdentifier>
    </Filter>
    <Filter Include="shaders\PostEffect\BarrelCurved">
      <UniqueIdentifier>{f3d89efa-cf17-4b99-a89c-053cb09ff422}</UniqueIdentifier>
    </Filter>
    <Filter Include="shaders\PostEffect\Vignette">
      <UniqueIdentifier>{9ea545bd-631a-4e67-971e-9de83c28ab11}</UniqueIdentifier>
    </Filter>
    <Filter Include="shaders\PostEffect\Glitch">
      <UniqueIdentifier>{3b20f8fb-03d2-4ee5-b3c4-518c1653b030}</UniqueIdentifier>
    </Filter>
    <Filter Include="shaders\PostEffect\RadialBlur">
      <UniqueIdentifier>{58230b50-f98f-4000-ad7d-6db42ebc18c3}</UniqueIdentifier>
    </Filter>
    <Filter Include="shaders\PostEffect\ShockWave">
      <UniqueIdentifier>{4bc83bb9-e91b-4fe6-a6e0-ef8a7cef425b}</UniqueIdentifier>
    </Filter>
    <Filter Include="shaders\PostEffect\FlarePara">
      <UniqueIdentifier>{bde438a5-b975-43f3-aecc-bfbb037a15e9}</UniqueIdentifier>
    </Filter>
    <Filter Include="shaders\PostEffect\GrayScale">
      <UniqueIdentifier>{8318aa39-6b38-4576-8e72-5dc296dc9783}</UniqueIdentifier>
    </Filter>
    <Filter Include="shaders\PostEffect\Sepia">
      <UniqueIdentifier>{8a9df7a5-d25c-4558-95cb-8a3d0fc0fe78}</UniqueIdentifier>
    </Filter>
    <Filter Include="shaders\PostEffect\Outline">
      <UniqueIdentifier>{403a3d69-320d-42f5-8a33-676b06195cd3}</UniqueIdentifier>
    </Filter>
    <Filter Include="shaders\PostEffect\Dissolve">
      <UniqueIdentifier>{88bf9002-ffb8-4cac-a715-4f162aa85a1a}</UniqueIdentifier>
    </Filter>
    <Filter Include="shaders\PostEffect\HSVFilter">
      <UniqueIdentifier>{e4bed640-a217-4143-a704-421f4f242a9b}</UniqueIdentifier>
    </Filter>
    <Filter Include="Application\Object\Enemy\AxSpearMan\State\WaitingForBattle">
      <UniqueIdentifier>{e7155d2d-fb3e-446b-8017-34e4e4a97e93}</UniqueIdentifier>
    </Filter>
    <Filter Include="Application\Object\Obstacle\BossFog">
      <UniqueIdentifier>{5048ec20-8169-4b3c-bb62-1d909bc63a36}</UniqueIdentifier>
    </Filter>
    <Filter Include="Application\GPUParticle\BonfireParticle">
      <UniqueIdentifier>{68fbc3ac-bccf-4147-a2f7-782eb40ba7c2}</UniqueIdentifier>
    </Filter>
    <Filter Include="Application\GPUParticle\BloadParticle">
      <UniqueIdentifier>{d302d8dc-09a4-42fb-817a-45f774bdc37c}</UniqueIdentifier>
    </Filter>
    <Filter Include="shaders\GPUParticle\BonfireParticle">
      <UniqueIdentifier>{2dd60d39-2ed3-40fe-9e5f-3d668d2ccc24}</UniqueIdentifier>
    </Filter>
    <Filter Include="shaders\GPUParticle\BonfireParticle\CS">
      <UniqueIdentifier>{b68dd55c-7912-4a19-9900-2d57191447dd}</UniqueIdentifier>
    </Filter>
    <Filter Include="shaders\GPUParticle\BloadParticle">
      <UniqueIdentifier>{0f8b438b-72de-4fb6-b7dc-f3b819eac664}</UniqueIdentifier>
    </Filter>
    <Filter Include="shaders\GPUParticle\BloadParticle\CS">
      <UniqueIdentifier>{990f24b8-1d49-404f-bae2-03d82e4b1a60}</UniqueIdentifier>
    </Filter>
    <Filter Include="Application\GPUParticle\FieldSparksParticle">
      <UniqueIdentifier>{5132098a-f131-4c16-ac30-f940ea391f2e}</UniqueIdentifier>
    </Filter>
    <Filter Include="shaders\GPUParticle\FieldSparksParticle">
      <UniqueIdentifier>{775d06be-4c4b-4bee-a162-8e3259f528c2}</UniqueIdentifier>
    </Filter>
    <Filter Include="shaders\GPUParticle\FieldSparksParticle\CS">
      <UniqueIdentifier>{0a5136f7-afef-4201-8083-9b99789eadce}</UniqueIdentifier>
    </Filter>
    <Filter Include="Application\GPUParticle\PillarSmokeParticle">
      <UniqueIdentifier>{538b787f-36ae-4619-b3f7-3332eac2743b}</UniqueIdentifier>
    </Filter>
    <Filter Include="shaders\GPUParticle\PillarSmokeParticle">
      <UniqueIdentifier>{1457ec65-2545-4635-b9de-e0155fbc62e5}</UniqueIdentifier>
    </Filter>
    <Filter Include="shaders\GPUParticle\PillarSmokeParticle\CS">
      <UniqueIdentifier>{afe45777-70ea-4ac6-9a41-16b3d960fbd9}</UniqueIdentifier>
    </Filter>
    <Filter Include="Application\Object\String">
      <UniqueIdentifier>{852c053a-ada1-4e32-ae99-48e5bb028de1}</UniqueIdentifier>
    </Filter>
    <Filter Include="Engine\Physics\Cloth">
      <UniqueIdentifier>{7050e05e-6ae1-451a-aad3-bac8052e41e2}</UniqueIdentifier>
    </Filter>
    <Filter Include="shaders\Cloth">
      <UniqueIdentifier>{e8129b10-d7bf-45d9-86ed-42bc0a3ac3e5}</UniqueIdentifier>
    </Filter>
    <Filter Include="shaders\ClothGPU">
      <UniqueIdentifier>{e0b56a92-92ec-4f60-8064-0aa01d141a6a}</UniqueIdentifier>
    </Filter>
    <Filter Include="Engine\Physics\ClothGPU">
      <UniqueIdentifier>{57a7911f-5060-432b-918f-f0ac710f5114}</UniqueIdentifier>
    </Filter>
    <Filter Include="Application\Object\Flag">
      <UniqueIdentifier>{84135c1b-2d35-4373-8a67-dfe3bb5821dc}</UniqueIdentifier>
    </Filter>
    <Filter Include="Engine\3D\ManyObjects">
      <UniqueIdentifier>{2d14ea3a-d23c-4ad2-bfb7-1a8307ab367f}</UniqueIdentifier>
    </Filter>
    <Filter Include="Engine\Base\Debug">
      <UniqueIdentifier>{0e33bd43-b4da-43ad-abe5-4c0e868bb3da}</UniqueIdentifier>
    </Filter>
  </ItemGroup>
  <ItemGroup>
    <ClCompile Include="externals\imgui\imgui.cpp">
      <Filter>externals\imgui</Filter>
    </ClCompile>
    <ClCompile Include="externals\imgui\imgui_demo.cpp">
      <Filter>externals\imgui</Filter>
    </ClCompile>
    <ClCompile Include="externals\imgui\imgui_draw.cpp">
      <Filter>externals\imgui</Filter>
    </ClCompile>
    <ClCompile Include="externals\imgui\imgui_impl_dx12.cpp">
      <Filter>externals\imgui</Filter>
    </ClCompile>
    <ClCompile Include="externals\imgui\imgui_impl_win32.cpp">
      <Filter>externals\imgui</Filter>
    </ClCompile>
    <ClCompile Include="externals\imgui\imgui_tables.cpp">
      <Filter>externals\imgui</Filter>
    </ClCompile>
    <ClCompile Include="externals\imgui\imgui_widgets.cpp">
      <Filter>externals\imgui</Filter>
    </ClCompile>
    <ClCompile Include="Engine\Audio\Audio.cpp">
      <Filter>Engine\Audio</Filter>
    </ClCompile>
    <ClCompile Include="Engine\base\BufferResource.cpp">
      <Filter>Engine\Base</Filter>
    </ClCompile>
    <ClCompile Include="Engine\base\WinApp.cpp">
      <Filter>Engine\Base</Filter>
    </ClCompile>
    <ClCompile Include="Engine\Camera\DebugCamera.cpp">
      <Filter>Engine\Camera</Filter>
    </ClCompile>
    <ClCompile Include="Engine\Camera\BaseCamera.cpp">
      <Filter>Engine\Camera</Filter>
    </ClCompile>
    <ClCompile Include="Engine\Collider\Collider.cpp">
      <Filter>Engine\Collider</Filter>
    </ClCompile>
    <ClCompile Include="Engine\Collider\AABB\AABB.cpp">
      <Filter>Engine\Collider</Filter>
    </ClCompile>
    <ClCompile Include="Engine\Collider\ColliderDebugDraw\ColliderDebugDraw.cpp">
      <Filter>Engine\Collider</Filter>
    </ClCompile>
    <ClCompile Include="Engine\Collision\Collision.cpp">
      <Filter>Engine\Collision</Filter>
    </ClCompile>
    <ClCompile Include="Engine\Collision\CollisionManager.cpp">
      <Filter>Engine\Collision</Filter>
    </ClCompile>
    <ClCompile Include="Engine\Framework\MyFramework.cpp">
      <Filter>Engine\Framework</Filter>
    </ClCompile>
    <ClCompile Include="Engine\Framework\MyGame.cpp">
      <Filter>Engine\Framework</Filter>
    </ClCompile>
    <ClCompile Include="Engine\GlobalVariables\GlobalVariables.cpp">
      <Filter>Engine\GlobalVariabls</Filter>
    </ClCompile>
    <ClCompile Include="Engine\Input\Input.cpp">
      <Filter>Engine\Input</Filter>
    </ClCompile>
    <ClCompile Include="Engine\Math\Ease.cpp">
      <Filter>Engine\Math</Filter>
    </ClCompile>
    <ClCompile Include="Engine\Math\Math.cpp">
      <Filter>Engine\Math</Filter>
    </ClCompile>
    <ClCompile Include="Engine\Collider\OBB\OBB.cpp">
      <Filter>Engine\Collider</Filter>
    </ClCompile>
    <ClCompile Include="Engine\Collider\Plane\Plane.cpp">
      <Filter>Engine\Collider</Filter>
    </ClCompile>
    <ClCompile Include="Engine\Collider\Sphere\Sphere.cpp">
      <Filter>Engine\Collider</Filter>
    </ClCompile>
    <ClCompile Include="Engine\Collider\Triangle\Triangle.cpp">
      <Filter>Engine\Collider</Filter>
    </ClCompile>
    <ClCompile Include="Engine\Particle\IEmitter.cpp">
      <Filter>Engine\Particle</Filter>
    </ClCompile>
    <ClCompile Include="Engine\Particle\IParticle.cpp">
      <Filter>Engine\Particle</Filter>
    </ClCompile>
    <ClCompile Include="Engine\Particle\ParticleManager.cpp">
      <Filter>Engine\Particle</Filter>
    </ClCompile>
    <ClCompile Include="Engine\Scene\IScene\IScene.cpp">
      <Filter>Engine\Scene</Filter>
    </ClCompile>
    <ClCompile Include="Engine\Scene\SceneManager\SceneManager.cpp">
      <Filter>Engine\Scene</Filter>
    </ClCompile>
    <ClCompile Include="Engine\SceneTransition\ISceneTransition\ISceneTransition.cpp">
      <Filter>Engine\SceneTransition</Filter>
    </ClCompile>
    <ClCompile Include="Application\Skydome\Skydome.cpp">
      <Filter>Application\Skydome</Filter>
    </ClCompile>
    <ClCompile Include="Application\Particle\MakeEmitter.cpp">
      <Filter>Application\Particle</Filter>
    </ClCompile>
    <ClCompile Include="Application\Particle\MakeParticle.cpp">
      <Filter>Application\Particle</Filter>
    </ClCompile>
    <ClCompile Include="Application\Scene\ClearScene\ClearScene.cpp">
      <Filter>Application\Scene</Filter>
    </ClCompile>
    <ClCompile Include="Application\Scene\GameScene\GameScene.cpp">
      <Filter>Application\Scene</Filter>
    </ClCompile>
    <ClCompile Include="Application\Scene\SelectScene\SelectScene.cpp">
      <Filter>Application\Scene</Filter>
    </ClCompile>
    <ClCompile Include="Application\Scene\TitleScene\TitleScene.cpp">
      <Filter>Application\Scene</Filter>
    </ClCompile>
    <ClCompile Include="Application\Scene\SceneFactory\SceneFactory.cpp">
      <Filter>Application\Scene</Filter>
    </ClCompile>
    <ClCompile Include="Application\SceneTransition\SceneTransitionBlackOut\SceneTransitionBlackOut.cpp">
      <Filter>Application\SceneTransition</Filter>
    </ClCompile>
    <ClCompile Include="Application\SceneTransition\SceneTransitionFactory\SceneTransitionFactory.cpp">
      <Filter>Application\SceneTransition</Filter>
    </ClCompile>
    <ClCompile Include="main.cpp" />
    <ClCompile Include="Engine\Line\Segment.cpp">
      <Filter>Engine\Line</Filter>
    </ClCompile>
    <ClCompile Include="Engine\Collider\Capsule\Capsule.cpp">
      <Filter>Engine\Collider</Filter>
    </ClCompile>
    <ClCompile Include="Engine\Line\Line.cpp">
      <Filter>Engine\Line</Filter>
    </ClCompile>
    <ClCompile Include="Engine\Math\ShortestDistance.cpp">
      <Filter>Engine\Math</Filter>
    </ClCompile>
    <ClCompile Include="Engine\Audio\AudioManager.cpp">
      <Filter>Engine\Audio</Filter>
    </ClCompile>
    <ClCompile Include="Application\UI\UI.cpp">
      <Filter>Application\UI</Filter>
    </ClCompile>
    <ClCompile Include="Application\UI\UIManager.cpp">
      <Filter>Application\UI</Filter>
    </ClCompile>
    <ClCompile Include="Application\Scene\TutorialScene\TutorialScene.cpp">
      <Filter>Application\Scene</Filter>
    </ClCompile>
    <ClCompile Include="Engine\Math\Quaternion.cpp">
      <Filter>Engine\Math</Filter>
    </ClCompile>
    <ClCompile Include="Engine\base\GraphicsPipelineState\GraphicsPipelineState.cpp">
      <Filter>Engine\Base\GraphicsPipelineState</Filter>
    </ClCompile>
    <ClCompile Include="Engine\base\GraphicsPipelineState\BlendStateManager.cpp">
      <Filter>Engine\Base\GraphicsPipelineState</Filter>
    </ClCompile>
    <ClCompile Include="Engine\base\GraphicsPipelineState\InputLayoutManager.cpp">
      <Filter>Engine\Base\GraphicsPipelineState</Filter>
    </ClCompile>
    <ClCompile Include="Engine\base\GraphicsPipelineState\RootParameterManager.cpp">
      <Filter>Engine\Base\GraphicsPipelineState</Filter>
    </ClCompile>
    <ClCompile Include="Engine\base\GraphicsPipelineState\SamplerManager.cpp">
      <Filter>Engine\Base\GraphicsPipelineState</Filter>
    </ClCompile>
    <ClCompile Include="Engine\Light\DirectionalLight\DirectionalLight.cpp">
      <Filter>Engine\Light\DirctionalLight</Filter>
    </ClCompile>
    <ClCompile Include="Application\Object\Sample\SampleObject.cpp">
      <Filter>Application\Object\Sample</Filter>
    </ClCompile>
    <ClCompile Include="Engine\Light\PointLight\PointLightManager.cpp">
      <Filter>Engine\Light\PointLight</Filter>
    </ClCompile>
    <ClCompile Include="Engine\Light\SpotLight\SpotLightManager.cpp">
      <Filter>Engine\Light\SpotLight</Filter>
    </ClCompile>
    <ClCompile Include="Engine\3D\Model\Model.cpp">
      <Filter>Engine\3D\Model</Filter>
    </ClCompile>
    <ClCompile Include="Engine\3D\Model\Mesh.cpp">
      <Filter>Engine\3D\Model</Filter>
    </ClCompile>
    <ClCompile Include="Engine\3D\Model\ModelLoader.cpp">
      <Filter>Engine\3D\Model</Filter>
    </ClCompile>
    <ClCompile Include="Engine\3D\Model\ModelNode.cpp">
      <Filter>Engine\3D\Model</Filter>
    </ClCompile>
    <ClCompile Include="Engine\Math\Vector\Vector2.cpp">
      <Filter>Engine\Math\Vector2</Filter>
    </ClCompile>
    <ClCompile Include="Engine\Math\Vector\Vector3.cpp">
      <Filter>Engine\Math\vector3</Filter>
    </ClCompile>
    <ClCompile Include="Engine\Math\Matrix\Matrix4x4.cpp">
      <Filter>Engine\Math\Matrix4x4</Filter>
    </ClCompile>
    <ClCompile Include="Engine\Collider2D\Box.cpp">
      <Filter>Engine\Collider2D</Filter>
    </ClCompile>
    <ClCompile Include="Engine\Collider2D\Circle.cpp">
      <Filter>Engine\Collider2D</Filter>
    </ClCompile>
    <ClCompile Include="Engine\Collider2D\Collider2D.cpp">
      <Filter>Engine\Collider2D</Filter>
    </ClCompile>
    <ClCompile Include="Engine\Collision2D\Collision2D.cpp">
      <Filter>Engine\Collision2D</Filter>
    </ClCompile>
    <ClCompile Include="Engine\Collision2D\Collision2DDebugDraw.cpp">
      <Filter>Engine\Collision2D</Filter>
    </ClCompile>
    <ClCompile Include="Engine\Collision2D\Collision2DManager.cpp">
      <Filter>Engine\Collision2D</Filter>
    </ClCompile>
    <ClCompile Include="Engine\Physics\MassPoint\MassPoint.cpp">
      <Filter>Engine\Physics\MassPoint</Filter>
    </ClCompile>
    <ClCompile Include="Engine\Physics\RigidBody\InertiaTensor.cpp">
      <Filter>Engine\Physics\RigidBody</Filter>
    </ClCompile>
    <ClCompile Include="Engine\Physics\RigidBody\RigidBody.cpp">
      <Filter>Engine\Physics\RigidBody</Filter>
    </ClCompile>
    <ClCompile Include="Engine\Animation\NodeAnimationData.cpp">
      <Filter>Engine\Animation</Filter>
    </ClCompile>
    <ClCompile Include="Engine\Animation\Animation.cpp">
      <Filter>Engine\Animation</Filter>
    </ClCompile>
    <ClCompile Include="Engine\Animation\AnimationData.cpp">
      <Filter>Engine\Animation</Filter>
    </ClCompile>
    <ClCompile Include="Engine\Math\Matrix\Matrix3x3.cpp">
      <Filter>Engine\Math\Matrix3x3</Filter>
    </ClCompile>
    <ClCompile Include="Engine\base\CompileShader.cpp">
      <Filter>Engine\Base</Filter>
    </ClCompile>
    <ClCompile Include="Engine\ContactRecord\ContactRecord.cpp">
      <Filter>Engine\Contactrecord</Filter>
    </ClCompile>
    <ClCompile Include="Engine\PostEffect\PostEffect.cpp">
      <Filter>Engine\PostEffect</Filter>
    </ClCompile>
    <ClCompile Include="Engine\Collider2D\Segment2D.cpp">
      <Filter>Engine\Collider2D</Filter>
    </ClCompile>
    <ClCompile Include="Engine\Animation\LocalMatrixManager.cpp">
      <Filter>Engine\Animation</Filter>
    </ClCompile>
    <ClCompile Include="Engine\3D\Model\ModelDraw.cpp">
      <Filter>Engine\3D\Model</Filter>
    </ClCompile>
    <ClCompile Include="Engine\Physics\Spring\Spring.cpp">
      <Filter>Engine\Physics\Spring</Filter>
    </ClCompile>
    <ClCompile Include="Engine\Physics\String\String.cpp">
      <Filter>Engine\Physics\Spring</Filter>
    </ClCompile>
    <ClCompile Include="Engine\Physics\Spring\StructuralSpring.cpp">
      <Filter>Engine\Physics\Spring</Filter>
    </ClCompile>
    <ClCompile Include="Application\Camera\FollowCamera.cpp">
      <Filter>Application\FollowCamera</Filter>
    </ClCompile>
    <ClCompile Include="Application\Object\Character\Player\PlayerState\PlayerStateRoot\PlayerStateRoot.cpp">
      <Filter>Application\Object\Player\State</Filter>
    </ClCompile>
    <ClCompile Include="Application\Object\Character\Player\PlayerState\PlayerStateAttack\PlayerStateAttack.cpp">
      <Filter>Application\Object\Player\State</Filter>
    </ClCompile>
    <ClCompile Include="Application\Object\Character\Player\PlayerState\PlayerStateAvoidance\PlayerStateAvoidance.cpp">
      <Filter>Application\Object\Player\State</Filter>
    </ClCompile>
    <ClCompile Include="Application\Object\Character\Player\PlayerState\PlayerStateFactory.cpp">
      <Filter>Application\Object\Player\State</Filter>
    </ClCompile>
    <ClCompile Include="Application\Object\Character\Player\PlayerState\PlayerStateGuard\PlayerStateGuard.cpp">
      <Filter>Application\Object\Player\State</Filter>
    </ClCompile>
    <ClCompile Include="Application\Object\Character\Player\PlayerState\PlayerStateRecovery\PlayerStateRecovery.cpp">
      <Filter>Application\Object\Player\State</Filter>
    </ClCompile>
    <ClCompile Include="Application\Object\Character\Player\PlayerState\IPlayerState.cpp">
      <Filter>Application\Object\Player\State</Filter>
    </ClCompile>
    <ClCompile Include="Application\Object\Character\Player\PlayerCommand\PlayerCommand.cpp">
      <Filter>Application\Object\Player\System</Filter>
    </ClCompile>
    <ClCompile Include="Application\Object\Character\Player\PlayerAttack\PlayerAttack.cpp">
      <Filter>Application\Object\Player\System</Filter>
    </ClCompile>
    <ClCompile Include="Application\Object\Character\Player\Player.cpp">
      <Filter>Application\Object\Player</Filter>
    </ClCompile>
    <ClCompile Include="Application\UI\TutorialUIManager.cpp">
      <Filter>Application\UI</Filter>
    </ClCompile>
    <ClCompile Include="Engine\2D\ImGuiManager.cpp">
      <Filter>Engine\2D\ImGui</Filter>
    </ClCompile>
    <ClCompile Include="Engine\2D\Sprite.cpp">
      <Filter>Engine\2D\Sprite</Filter>
    </ClCompile>
    <ClCompile Include="Engine\3D\Fog\FogManager.cpp">
      <Filter>Engine\3D\Fog</Filter>
    </ClCompile>
    <ClCompile Include="Engine\3D\Line\DrawLine.cpp">
      <Filter>Engine\3D\Line</Filter>
    </ClCompile>
    <ClCompile Include="Engine\3D\Material\Material.cpp">
      <Filter>Engine\3D\Material</Filter>
    </ClCompile>
    <ClCompile Include="Engine\3D\Model\ModelManager.cpp">
      <Filter>Engine\3D\Model</Filter>
    </ClCompile>
    <ClCompile Include="Engine\3D\ManyObjects\LargeNumberOfObjects.cpp">
      <Filter>Engine\3D\ManyObjects</Filter>
    </ClCompile>
    <ClCompile Include="Engine\3D\ManyObjects\OneOfManyObjects.cpp">
      <Filter>Engine\3D\ManyObjects</Filter>
    </ClCompile>
    <ClCompile Include="Engine\3D\Outline\Outline.cpp">
      <Filter>Engine\3D\Outline</Filter>
    </ClCompile>
    <ClCompile Include="Engine\3D\Transform\WorldTransform.cpp">
      <Filter>Engine\3D\Transform</Filter>
    </ClCompile>
    <ClCompile Include="Engine\base\WindowSprite\WindowSprite.cpp">
      <Filter>Engine\Base\WindowSprite</Filter>
    </ClCompile>
    <ClCompile Include="Engine\Particle\BillBoardMatrix.cpp">
      <Filter>Engine\Particle</Filter>
    </ClCompile>
    <ClCompile Include="Engine\GPUParticle\GPUParticle.cpp">
      <Filter>Engine\Particle\GPUParticle</Filter>
    </ClCompile>
    <ClCompile Include="Engine\Level\LevelDataLoader.cpp">
      <Filter>Engine\Level</Filter>
    </ClCompile>
    <ClCompile Include="Engine\Level\LevelDataManager.cpp">
      <Filter>Engine\Level</Filter>
    </ClCompile>
    <ClCompile Include="Engine\Level\LevelDataViewing.cpp">
      <Filter>Engine\Level</Filter>
    </ClCompile>
    <ClCompile Include="Engine\SkyBox\SkyBox.cpp">
      <Filter>Engine\SkyBox</Filter>
    </ClCompile>
    <ClCompile Include="Engine\Object\MeshObject.cpp">
      <Filter>Engine\Object</Filter>
    </ClCompile>
    <ClCompile Include="Engine\Object\IObject.cpp">
      <Filter>Engine\Object</Filter>
    </ClCompile>
    <ClCompile Include="Engine\Animation\LocalMatrixDraw.cpp">
      <Filter>Engine\Animation</Filter>
    </ClCompile>
    <ClCompile Include="Application\Object\ObjectFactory.cpp">
      <Filter>Application\Object</Filter>
    </ClCompile>
    <ClCompile Include="Application\System\GameOverSystem.cpp">
      <Filter>Application\System</Filter>
    </ClCompile>
    <ClCompile Include="Application\Object\Obstacle\Ground\Ground.cpp">
      <Filter>Application\Object\Obstacle\Ground</Filter>
    </ClCompile>
    <ClCompile Include="Application\Object\Obstacle\Block\Block.cpp">
      <Filter>Application\Object\Obstacle\Block</Filter>
    </ClCompile>
    <ClCompile Include="Application\Object\Character\Enemy\BaseEnemy.cpp">
      <Filter>Application\Object\Enemy</Filter>
    </ClCompile>
    <ClCompile Include="Application\Object\Character\Enemy\Ghost\Ghost.cpp">
      <Filter>Application\Object\Enemy\Ghost</Filter>
    </ClCompile>
    <ClCompile Include="Application\Object\Character\Enemy\Ghost\GhostCommand.cpp">
      <Filter>Application\Object\Enemy\Ghost</Filter>
    </ClCompile>
    <ClCompile Include="Application\Object\Character\Enemy\Ghost\GhostStateFactory.cpp">
      <Filter>Application\Object\Enemy\Ghost\State</Filter>
    </ClCompile>
    <ClCompile Include="Application\Object\Character\Enemy\Ghost\IGhostState.cpp">
      <Filter>Application\Object\Enemy\Ghost\State</Filter>
    </ClCompile>
    <ClCompile Include="Application\Object\Character\Enemy\BaseEnemyAttack.cpp">
      <Filter>Application\Object\Enemy</Filter>
    </ClCompile>
    <ClCompile Include="Application\Object\Character\Enemy\AxSpearMan\AxSpearMan.cpp">
      <Filter>Application\Object\Enemy\AxSpearMan</Filter>
    </ClCompile>
    <ClCompile Include="Application\Object\Character\Enemy\AxSpearMan\AxSpearManStateFactory.cpp">
      <Filter>Application\Object\Enemy\AxSpearMan\State</Filter>
    </ClCompile>
    <ClCompile Include="Application\Object\Character\Enemy\AxSpearMan\IAxSpearManState.cpp">
      <Filter>Application\Object\Enemy\AxSpearMan\State</Filter>
    </ClCompile>
    <ClCompile Include="Engine\Object\BaseObjectManager.cpp">
      <Filter>Engine\Object</Filter>
    </ClCompile>
    <ClCompile Include="Application\Object\Manager\GameSceneObjectManager.cpp">
      <Filter>Application\Object\Manager</Filter>
    </ClCompile>
    <ClCompile Include="Application\Object\Character\Enemy\AxSpearMan\AxSpearManStateDashSwingDown.cpp">
      <Filter>Application\Object\Enemy\AxSpearMan\State\DashSwingDown</Filter>
    </ClCompile>
    <ClCompile Include="Application\Object\Character\Enemy\AxSpearMan\AxSpearManStateRoot.cpp">
      <Filter>Application\Object\Enemy\AxSpearMan\State\Root</Filter>
    </ClCompile>
    <ClCompile Include="Application\Object\Character\Enemy\AxSpearMan\AxSpearManStateWaitSee.cpp">
      <Filter>Application\Object\Enemy\AxSpearMan\State\WaitSee</Filter>
    </ClCompile>
    <ClCompile Include="Application\Object\Character\Enemy\Ghost\GhostStateAttack.cpp">
      <Filter>Application\Object\Enemy\Ghost\State\Attack</Filter>
    </ClCompile>
    <ClCompile Include="Application\Object\Character\Enemy\Ghost\GhostStateChase.cpp">
      <Filter>Application\Object\Enemy\Ghost\State\Chase</Filter>
    </ClCompile>
    <ClCompile Include="Application\Object\Character\Enemy\Ghost\GhostStateDamage.cpp">
      <Filter>Application\Object\Enemy\Ghost\State\Damage</Filter>
    </ClCompile>
    <ClCompile Include="Application\Object\Character\Enemy\Ghost\GhostStateRoot.cpp">
      <Filter>Application\Object\Enemy\Ghost\State\Root</Filter>
    </ClCompile>
    <ClCompile Include="Application\Object\Character\Enemy\Ghost\GhostStateDead.cpp">
      <Filter>Application\Object\Enemy\Ghost\State\Dead</Filter>
    </ClCompile>
    <ClCompile Include="Application\Object\Manager\TutorialSceneObjectManager.cpp">
      <Filter>Application\Object\Manager</Filter>
    </ClCompile>
    <ClCompile Include="Application\Object\Character\Enemy\AxSpearMan\AxSpearManStateShakeOff.cpp">
      <Filter>Application\Object\Enemy\AxSpearMan\State\ShakeOff</Filter>
    </ClCompile>
    <ClCompile Include="Application\Object\Character\Enemy\AxSpearMan\AxSpearManState3Consecutive.cpp">
      <Filter>Application\Object\Enemy\AxSpearMan\State\3Consecutive</Filter>
    </ClCompile>
    <ClCompile Include="Application\Object\Character\Enemy\AxSpearMan\AxSpearManCommand.cpp">
      <Filter>Application\Object\Enemy\AxSpearMan\System\Command</Filter>
    </ClCompile>
    <ClCompile Include="Application\Object\Character\Enemy\AxSpearMan\AxSpearManWeapon.cpp">
      <Filter>Application\Object\Enemy\AxSpearMan\System\Weapon</Filter>
    </ClCompile>
    <ClCompile Include="Engine\PostEffect\ShockWave\ShockWaveManager.cpp">
      <Filter>Engine\PostEffect\ShockWave</Filter>
    </ClCompile>
    <ClCompile Include="Engine\PostEffect\Velocity2D\Velocity2DData.cpp">
      <Filter>Engine\PostEffect\Velocity2D</Filter>
    </ClCompile>
    <ClCompile Include="Engine\PostEffect\Velocity2D\Velocity2DManager.cpp">
      <Filter>Engine\PostEffect\Velocity2D</Filter>
    </ClCompile>
    <ClCompile Include="Application\Object\Character\Enemy\AxSpearMan\AxSpearManBeam.cpp">
      <Filter>Application\Object\Enemy\AxSpearMan\System\Beam</Filter>
    </ClCompile>
    <ClCompile Include="Application\Object\Character\Enemy\AxSpearMan\AxSpearManBeamAttack.cpp">
      <Filter>Application\Object\Enemy\AxSpearMan\System\Beam</Filter>
    </ClCompile>
    <ClCompile Include="Application\Object\Character\Enemy\AxSpearMan\AxSpearManStateBeam.cpp">
      <Filter>Application\Object\Enemy\AxSpearMan\State\Beam</Filter>
    </ClCompile>
    <ClCompile Include="Engine\Physics\Gravity\Gravity.cpp">
      <Filter>Engine\Physics\Gravity</Filter>
    </ClCompile>
    <ClCompile Include="Application\Object\Weapon\BaseWeapon.cpp">
      <Filter>Application\Object\BaseWeapon</Filter>
    </ClCompile>
    <ClCompile Include="Application\Object\Bonfire\Bonfire.cpp">
      <Filter>Application\Object\Bonfire</Filter>
    </ClCompile>
    <ClCompile Include="Application\Object\Manager\TitleSceneObjectManager.cpp">
      <Filter>Application\Object\Manager</Filter>
    </ClCompile>
    <ClCompile Include="Application\Object\Character\Player\TitlePlayer\TitlePlayer.cpp">
      <Filter>Application\Object\Player\Title</Filter>
    </ClCompile>
    <ClCompile Include="Application\Object\Character\Player\PlayerWeapon\PlayerWeapon.cpp">
      <Filter>Application\Object\Player\System</Filter>
    </ClCompile>
    <ClCompile Include="Application\Object\Character\Enemy\Ghost\GhostStateCadaver.cpp">
      <Filter>Application\Object\Enemy\Ghost\State\Cadaver</Filter>
    </ClCompile>
    <ClCompile Include="Application\Object\Obstacle\BaseObstacle.cpp">
      <Filter>Application\Object\Obstacle</Filter>
    </ClCompile>
    <ClCompile Include="Application\Object\Obstacle\Pillar\PillarFoundation.cpp">
      <Filter>Application\Object\Obstacle\PillarFoundation</Filter>
    </ClCompile>
    <ClCompile Include="Application\Object\RigidBodyObject\BaseRigidBodyObject.cpp">
      <Filter>Application\Object\Physics</Filter>
    </ClCompile>
    <ClCompile Include="Application\Object\RigidBodyObject\Piller\Pillar.cpp">
      <Filter>Application\Object\Physics\Pillar</Filter>
    </ClCompile>
    <ClCompile Include="Engine\Collision\Extrusion.cpp">
      <Filter>Engine\Collision</Filter>
    </ClCompile>
    <ClCompile Include="Application\Collider\ColliderParentIdentification.cpp">
      <Filter>Application\Collider</Filter>
    </ClCompile>
    <ClCompile Include="Application\Object\Character\Enemy\AxSpearMan\AxSpearManStateWaitingForBattle.cpp">
      <Filter>Application\Object\Enemy\AxSpearMan\State\WaitingForBattle</Filter>
    </ClCompile>
    <ClCompile Include="Application\System\BossSystem.cpp">
      <Filter>Application\System</Filter>
    </ClCompile>
    <ClCompile Include="Application\Object\Obstacle\BossFog\BossFog.cpp">
      <Filter>Application\Object\Obstacle\BossFog</Filter>
    </ClCompile>
    <ClCompile Include="Application\GPUParticle\BonfireParticle.cpp">
      <Filter>Application\GPUParticle\BonfireParticle</Filter>
    </ClCompile>
    <ClCompile Include="Application\GPUParticle\BloadParticle.cpp">
      <Filter>Application\GPUParticle\BloadParticle</Filter>
    </ClCompile>
    <ClCompile Include="Application\GPUParticle\FieldSparksParticle.cpp">
      <Filter>Application\GPUParticle\FieldSparksParticle</Filter>
    </ClCompile>
    <ClCompile Include="Application\GPUParticle\PillarSmokeParticle.cpp">
      <Filter>Application\GPUParticle\PillarSmokeParticle</Filter>
    </ClCompile>
    <ClCompile Include="Application\Object\StringObject\BaseStringObject.cpp">
      <Filter>Application\Object\String</Filter>
    </ClCompile>
    <ClCompile Include="Engine\Physics\Cloth\Cloth.cpp">
      <Filter>Engine\Physics\Cloth</Filter>
    </ClCompile>
    <ClCompile Include="Application\Scene\DebugScene\DebugScene.cpp">
      <Filter>Application\Scene</Filter>
    </ClCompile>
    <ClCompile Include="Engine\Physics\ClothGPU\ClothGPU.cpp">
      <Filter>Engine\Physics\ClothGPU</Filter>
    </ClCompile>
    <ClCompile Include="Engine\Physics\Cloth\ClothModel.cpp">
      <Filter>Engine\Physics\Cloth</Filter>
    </ClCompile>
    <ClCompile Include="Application\Object\Obstacle\FlagPole\FlagPole.cpp">
      <Filter>Application\Object\Flag</Filter>
    </ClCompile>
    <ClCompile Include="Application\Object\ClothObject\Flag\Flag.cpp">
      <Filter>Application\Object\Flag</Filter>
    </ClCompile>
    <ClCompile Include="Application\Object\Obstacle\FlagPole\FlagPole2.cpp">
      <Filter>Application\Object\Flag</Filter>
    </ClCompile>
    <ClCompile Include="Engine\base\Debug\CrashHandler.cpp">
      <Filter>Engine\Base\Debug</Filter>
    </ClCompile>
    <ClCompile Include="Engine\base\Debug\QueryTimestamp.cpp">
      <Filter>Engine\Base\Debug</Filter>
    </ClCompile>
    <ClCompile Include="Engine\base\Texture\TextureUAV.cpp">
      <Filter>Engine\Base\Texture</Filter>
    </ClCompile>
    <ClCompile Include="Engine\base\Texture\TextureManager.cpp">
      <Filter>Engine\Base\Texture</Filter>
    </ClCompile>
    <ClCompile Include="Engine\base\DescriptorHerpManager\SRVDescriptorHerpManager.cpp">
      <Filter>Engine\Base\DescriptorHerpManager</Filter>
    </ClCompile>
    <ClCompile Include="Engine\base\DescriptorHerpManager\RTVDescriptorHerpManager.cpp">
      <Filter>Engine\Base\DescriptorHerpManager</Filter>
    </ClCompile>
    <ClCompile Include="Engine\base\DescriptorHerpManager\DSVDescriptorHerpManager.cpp">
      <Filter>Engine\Base\DescriptorHerpManager</Filter>
    </ClCompile>
    <ClCompile Include="Engine\base\Texture\RenderTargetTexture.cpp">
      <Filter>Engine\Base\Texture</Filter>
    </ClCompile>
    <ClCompile Include="Engine\base\DxCommon\DirectXCommon.cpp">
      <Filter>Engine\Base\DxCommon</Filter>
    </ClCompile>
    <ClCompile Include="Engine\base\DxCommon\DxCommand.cpp">
      <Filter>Engine\Base\DxCommon</Filter>
    </ClCompile>
    <ClCompile Include="Engine\base\DxCommon\DXGIDevice.cpp">
      <Filter>Engine\Base\DxCommon</Filter>
    </ClCompile>
    <ClCompile Include="Engine\base\DxCommon\Log.cpp">
      <Filter>Engine\Base\DxCommon</Filter>
    </ClCompile>
    <ClCompile Include="Engine\base\DxCommon\SwapChain.cpp">
      <Filter>Engine\Base\DxCommon</Filter>
    </ClCompile>
    <ClCompile Include="Engine\Physics\ClothGPU\ClothGPUCollision.cpp">
      <Filter>Engine\Physics\ClothGPU</Filter>
    </ClCompile>
    <ClCompile Include="Application\Object\ClothObject\BaseClothObject.cpp">
      <Filter>Application\Object\Flag</Filter>
    </ClCompile>
  </ItemGroup>
  <ItemGroup>
    <ClInclude Include="externals\imgui\imgui.h">
      <Filter>externals\imgui</Filter>
    </ClInclude>
    <ClInclude Include="externals\imgui\imgui_impl_dx12.h">
      <Filter>externals\imgui</Filter>
    </ClInclude>
    <ClInclude Include="externals\imgui\imgui_impl_win32.h">
      <Filter>externals\imgui</Filter>
    </ClInclude>
    <ClInclude Include="externals\imgui\imgui_internal.h">
      <Filter>externals\imgui</Filter>
    </ClInclude>
    <ClInclude Include="externals\imgui\imstb_rectpack.h">
      <Filter>externals\imgui</Filter>
    </ClInclude>
    <ClInclude Include="externals\imgui\imstb_textedit.h">
      <Filter>externals\imgui</Filter>
    </ClInclude>
    <ClInclude Include="externals\imgui\imstb_truetype.h">
      <Filter>externals\imgui</Filter>
    </ClInclude>
    <ClInclude Include="Engine\Audio\Audio.h">
      <Filter>Engine\Audio</Filter>
    </ClInclude>
    <ClInclude Include="Engine\base\BufferResource.h">
      <Filter>Engine\Base</Filter>
    </ClInclude>
    <ClInclude Include="Engine\base\WinApp.h">
      <Filter>Engine\Base</Filter>
    </ClInclude>
    <ClInclude Include="Engine\Camera\DebugCamera.h">
      <Filter>Engine\Camera</Filter>
    </ClInclude>
    <ClInclude Include="Engine\Camera\BaseCamera.h">
      <Filter>Engine\Camera</Filter>
    </ClInclude>
    <ClInclude Include="Engine\Collider\AABB\AABB.h">
      <Filter>Engine\Collider</Filter>
    </ClInclude>
    <ClInclude Include="Engine\Collider\ColliderDebugDraw\ColliderDebugDraw.h">
      <Filter>Engine\Collider</Filter>
    </ClInclude>
    <ClInclude Include="Engine\Collider\OBB\OBB.h">
      <Filter>Engine\Collider</Filter>
    </ClInclude>
    <ClInclude Include="Engine\Collider\Plane\Plane.h">
      <Filter>Engine\Collider</Filter>
    </ClInclude>
    <ClInclude Include="Engine\Collider\Sphere\Sphere.h">
      <Filter>Engine\Collider</Filter>
    </ClInclude>
    <ClInclude Include="Engine\Collider\Triangle\Triangle.h">
      <Filter>Engine\Collider</Filter>
    </ClInclude>
    <ClInclude Include="Engine\Collider\Collider.h">
      <Filter>Engine\Collider</Filter>
    </ClInclude>
    <ClInclude Include="Engine\Collision\CollisionManager.h">
      <Filter>Engine\Collision</Filter>
    </ClInclude>
    <ClInclude Include="Engine\Collision\Collision.h">
      <Filter>Engine\Collision</Filter>
    </ClInclude>
    <ClInclude Include="Engine\Framework\MyFramework.h">
      <Filter>Engine\Framework</Filter>
    </ClInclude>
    <ClInclude Include="Engine\Framework\MyGame.h">
      <Filter>Engine\Framework</Filter>
    </ClInclude>
    <ClInclude Include="Engine\GlobalVariables\GlobalVariables.h">
      <Filter>Engine\GlobalVariabls</Filter>
    </ClInclude>
    <ClInclude Include="Engine\Input\Input.h">
      <Filter>Engine\Input</Filter>
    </ClInclude>
    <ClInclude Include="Engine\Math\Vector\Vector4.h">
      <Filter>Engine\Math</Filter>
    </ClInclude>
    <ClInclude Include="Engine\Math\DeltaTime.h">
      <Filter>Engine\Math</Filter>
    </ClInclude>
    <ClInclude Include="Engine\Math\Math.h">
      <Filter>Engine\Math</Filter>
    </ClInclude>
    <ClInclude Include="Engine\Math\Ease.h">
      <Filter>Engine\Math</Filter>
    </ClInclude>
    <ClInclude Include="Engine\Particle\IEmitter.h">
      <Filter>Engine\Particle</Filter>
    </ClInclude>
    <ClInclude Include="Engine\Particle\IParticle.h">
      <Filter>Engine\Particle</Filter>
    </ClInclude>
    <ClInclude Include="Engine\Particle\ParticleManager.h">
      <Filter>Engine\Particle</Filter>
    </ClInclude>
    <ClInclude Include="Engine\Particle\ParticleForGPU.h">
      <Filter>Engine\Particle</Filter>
    </ClInclude>
    <ClInclude Include="Engine\Scene\SceneManager\SceneManager.h">
      <Filter>Engine\Scene</Filter>
    </ClInclude>
    <ClInclude Include="Engine\Scene\SceneFactory\AbstractSceneFactory.h">
      <Filter>Engine\Scene</Filter>
    </ClInclude>
    <ClInclude Include="Engine\Scene\IScene\IScene.h">
      <Filter>Engine\Scene</Filter>
    </ClInclude>
    <ClInclude Include="Engine\SceneTransition\ISceneTransition\ISceneTransition.h">
      <Filter>Engine\SceneTransition</Filter>
    </ClInclude>
    <ClInclude Include="Engine\SceneTransition\SceneTransitionFactory\AbstractSceneTransitionFactory.h">
      <Filter>Engine\SceneTransition</Filter>
    </ClInclude>
    <ClInclude Include="Application\Skydome\Skydome.h">
      <Filter>Application\Skydome</Filter>
    </ClInclude>
    <ClInclude Include="Application\Particle\EmitterName.h">
      <Filter>Application\Particle</Filter>
    </ClInclude>
    <ClInclude Include="Application\Particle\MakeParticle.h">
      <Filter>Application\Particle</Filter>
    </ClInclude>
    <ClInclude Include="Application\Particle\MakeEmitter.h">
      <Filter>Application\Particle</Filter>
    </ClInclude>
    <ClInclude Include="Application\Particle\ParticleName.h">
      <Filter>Application\Particle</Filter>
    </ClInclude>
    <ClInclude Include="Application\Particle\ParticleModelIndex.h">
      <Filter>Application\Particle</Filter>
    </ClInclude>
    <ClInclude Include="Application\Scene\SceneName.h">
      <Filter>Application\Scene</Filter>
    </ClInclude>
    <ClInclude Include="Application\Scene\ClearScene\ClearScene.h">
      <Filter>Application\Scene</Filter>
    </ClInclude>
    <ClInclude Include="Application\Scene\GameScene\GameScene.h">
      <Filter>Application\Scene</Filter>
    </ClInclude>
    <ClInclude Include="Application\Scene\SceneFactory\SceneFactory.h">
      <Filter>Application\Scene</Filter>
    </ClInclude>
    <ClInclude Include="Application\Scene\SelectScene\SelectScene.h">
      <Filter>Application\Scene</Filter>
    </ClInclude>
    <ClInclude Include="Application\SceneTransition\SceneTransitionFactory\SceneTransitionFactory.h">
      <Filter>Application\SceneTransition</Filter>
    </ClInclude>
    <ClInclude Include="Application\SceneTransition\SceneTransitionBlackOut\SceneTransitionBlackOut.h">
      <Filter>Application\SceneTransition</Filter>
    </ClInclude>
    <ClInclude Include="Application\Scene\TitleScene\TitleScene.h">
      <Filter>Application\Scene</Filter>
    </ClInclude>
    <ClInclude Include="Engine\Line\Segment.h">
      <Filter>Engine\Line</Filter>
    </ClInclude>
    <ClInclude Include="Engine\Collider\Capsule\Capsule.h">
      <Filter>Engine\Collider</Filter>
    </ClInclude>
    <ClInclude Include="Engine\Line\Line.h">
      <Filter>Engine\Line</Filter>
    </ClInclude>
    <ClInclude Include="Engine\Math\ShortestDistance.h">
      <Filter>Engine\Math</Filter>
    </ClInclude>
    <ClInclude Include="Engine\Camera\CameraForGPU.h">
      <Filter>Engine\Camera</Filter>
    </ClInclude>
    <ClInclude Include="Application\Collider\ColliderParentObject.h">
      <Filter>Application\Collider</Filter>
    </ClInclude>
    <ClInclude Include="Engine\Audio\AudioManager.h">
      <Filter>Engine\Audio</Filter>
    </ClInclude>
    <ClInclude Include="Engine\Collider\ColliderShape.h">
      <Filter>Engine\Collider</Filter>
    </ClInclude>
    <ClInclude Include="Engine\Collision\CollisionData.h">
      <Filter>Engine\Collision</Filter>
    </ClInclude>
    <ClInclude Include="Application\UI\UI.h">
      <Filter>Application\UI</Filter>
    </ClInclude>
    <ClInclude Include="Application\UI\UIManager.h">
      <Filter>Application\UI</Filter>
    </ClInclude>
    <ClInclude Include="Application\Scene\TutorialScene\TutorialScene.h">
      <Filter>Application\Scene</Filter>
    </ClInclude>
    <ClInclude Include="Engine\Math\Quaternion.h">
      <Filter>Engine\Math</Filter>
    </ClInclude>
    <ClInclude Include="Engine\Math\RandomEngine.h">
      <Filter>Engine\Math</Filter>
    </ClInclude>
    <ClInclude Include="Application\Collider\CollisionConfig.h">
      <Filter>Application\Collider</Filter>
    </ClInclude>
    <ClInclude Include="Engine\base\GraphicsPipelineState\GraphicsPipelineState.h">
      <Filter>Engine\Base\GraphicsPipelineState</Filter>
    </ClInclude>
    <ClInclude Include="Engine\base\GraphicsPipelineState\SamplerManager.h">
      <Filter>Engine\Base\GraphicsPipelineState</Filter>
    </ClInclude>
    <ClInclude Include="Engine\base\GraphicsPipelineState\BlendStateManager.h">
      <Filter>Engine\Base\GraphicsPipelineState</Filter>
    </ClInclude>
    <ClInclude Include="Engine\base\GraphicsPipelineState\InputLayoutManager.h">
      <Filter>Engine\Base\GraphicsPipelineState</Filter>
    </ClInclude>
    <ClInclude Include="Engine\base\GraphicsPipelineState\RootParameterManager.h">
      <Filter>Engine\Base\GraphicsPipelineState</Filter>
    </ClInclude>
    <ClInclude Include="Engine\Light\DirectionalLight\DirectionalLight.h">
      <Filter>Engine\Light\DirctionalLight</Filter>
    </ClInclude>
    <ClInclude Include="Engine\Light\DirectionalLight\DirectionalLightData.h">
      <Filter>Engine\Light\DirctionalLight</Filter>
    </ClInclude>
    <ClInclude Include="Application\Object\Sample\SampleObject.h">
      <Filter>Application\Object\Sample</Filter>
    </ClInclude>
    <ClInclude Include="Engine\Light\PointLight\PointLightData.h">
      <Filter>Engine\Light\PointLight</Filter>
    </ClInclude>
    <ClInclude Include="Engine\Light\SpotLight\SpotLightData.h">
      <Filter>Engine\Light\SpotLight</Filter>
    </ClInclude>
    <ClInclude Include="Engine\Light\PointLight\PointLightManager.h">
      <Filter>Engine\Light\PointLight</Filter>
    </ClInclude>
    <ClInclude Include="Engine\Light\SpotLight\SpotLightManager.h">
      <Filter>Engine\Light\SpotLight</Filter>
    </ClInclude>
    <ClInclude Include="Engine\3D\Model\Model.h">
      <Filter>Engine\3D\Model</Filter>
    </ClInclude>
    <ClInclude Include="Engine\3D\Model\Mesh.h">
      <Filter>Engine\3D\Model</Filter>
    </ClInclude>
    <ClInclude Include="Engine\3D\Model\ModelLoader.h">
      <Filter>Engine\3D\Model</Filter>
    </ClInclude>
    <ClInclude Include="Engine\3D\Model\ModelNode.h">
      <Filter>Engine\3D\Model</Filter>
    </ClInclude>
    <ClInclude Include="Engine\Math\Vector\Vector2.h">
      <Filter>Engine\Math\Vector2</Filter>
    </ClInclude>
    <ClInclude Include="Engine\Math\Vector\Vector3.h">
      <Filter>Engine\Math\vector3</Filter>
    </ClInclude>
    <ClInclude Include="Engine\Math\Matrix\Matrix4x4.h">
      <Filter>Engine\Math\Matrix4x4</Filter>
    </ClInclude>
    <ClInclude Include="resource.h">
      <Filter>ヘッダー ファイル</Filter>
    </ClInclude>
    <ClInclude Include="Application\Collider2D\CollisionConfig2D.h">
      <Filter>Application\Collider2D</Filter>
    </ClInclude>
    <ClInclude Include="Application\Collider2D\ColliderParentObject2D.h">
      <Filter>Application\Collider2D</Filter>
    </ClInclude>
    <ClInclude Include="Engine\Collider2D\Box.h">
      <Filter>Engine\Collider2D</Filter>
    </ClInclude>
    <ClInclude Include="Engine\Collider2D\Circle.h">
      <Filter>Engine\Collider2D</Filter>
    </ClInclude>
    <ClInclude Include="Engine\Collider2D\Collider2D.h">
      <Filter>Engine\Collider2D</Filter>
    </ClInclude>
    <ClInclude Include="Engine\Collider2D\ColliderShape2D.h">
      <Filter>Engine\Collider2D</Filter>
    </ClInclude>
    <ClInclude Include="Engine\Collider2D\Collider2DDebugDrawForGPU.h">
      <Filter>Engine\Collider2D</Filter>
    </ClInclude>
    <ClInclude Include="Engine\Collision2D\Collision2DDebugDraw.h">
      <Filter>Engine\Collision2D</Filter>
    </ClInclude>
    <ClInclude Include="Engine\Collision2D\Collision2DManager.h">
      <Filter>Engine\Collision2D</Filter>
    </ClInclude>
    <ClInclude Include="Engine\Collision2D\Collision2D.h">
      <Filter>Engine\Collision2D</Filter>
    </ClInclude>
    <ClInclude Include="Engine\Physics\MassPoint\MassPoint.h">
      <Filter>Engine\Physics\MassPoint</Filter>
    </ClInclude>
    <ClInclude Include="Engine\Physics\RigidBody\RigidBody.h">
      <Filter>Engine\Physics\RigidBody</Filter>
    </ClInclude>
    <ClInclude Include="Engine\Physics\RigidBody\InertiaTensor.h">
      <Filter>Engine\Physics\RigidBody</Filter>
    </ClInclude>
    <ClInclude Include="Engine\Camera\ViewProjectionMatrix.h">
      <Filter>Engine\Camera</Filter>
    </ClInclude>
    <ClInclude Include="Engine\Animation\NodeAnimationData.h">
      <Filter>Engine\Animation</Filter>
    </ClInclude>
    <ClInclude Include="Engine\Animation\AnimationData.h">
      <Filter>Engine\Animation</Filter>
    </ClInclude>
    <ClInclude Include="Engine\Animation\Animation.h">
      <Filter>Engine\Animation</Filter>
    </ClInclude>
    <ClInclude Include="Engine\Math\Matrix\Matrix3x3.h">
      <Filter>Engine\Math\Matrix3x3</Filter>
    </ClInclude>
    <ClInclude Include="Engine\base\CompileShader.h">
      <Filter>Engine\Base</Filter>
    </ClInclude>
    <ClInclude Include="Engine\PostEffect\PostEffect.h">
      <Filter>Engine\PostEffect</Filter>
    </ClInclude>
    <ClInclude Include="Engine\Collider2D\Segment2D.h">
      <Filter>Engine\Collider2D</Filter>
    </ClInclude>
    <ClInclude Include="Engine\Animation\LocalMatrixManager.h">
      <Filter>Engine\Animation</Filter>
    </ClInclude>
    <ClInclude Include="Engine\Animation\LocalMatrix.h">
      <Filter>Engine\Animation</Filter>
    </ClInclude>
    <ClInclude Include="Engine\3D\Model\ModelDraw.h">
      <Filter>Engine\3D\Model</Filter>
    </ClInclude>
    <ClInclude Include="Engine\3D\Model\ModelNodeData.h">
      <Filter>Engine\3D\Model</Filter>
    </ClInclude>
    <ClInclude Include="Engine\Physics\Spring\StructuralSpring.h">
      <Filter>Engine\Physics\Spring</Filter>
    </ClInclude>
    <ClInclude Include="Engine\Physics\Spring\Spring.h">
      <Filter>Engine\Physics\Spring</Filter>
    </ClInclude>
    <ClInclude Include="Engine\Physics\String\String.h">
      <Filter>Engine\Physics\Spring</Filter>
    </ClInclude>
    <ClInclude Include="Engine\ContactRecord\ContactRecord.h">
      <Filter>Engine\Contactrecord</Filter>
    </ClInclude>
    <ClInclude Include="Application\Camera\FollowCamera.h">
      <Filter>Application\FollowCamera</Filter>
    </ClInclude>
    <ClInclude Include="Application\Object\Character\Player\PlayerState\IPlayerState.h">
      <Filter>Application\Object\Player\State</Filter>
    </ClInclude>
    <ClInclude Include="Application\Object\Character\Player\PlayerState\PlayerStateRoot\PlayerStateRoot.h">
      <Filter>Application\Object\Player\State</Filter>
    </ClInclude>
    <ClInclude Include="Application\Object\Character\Player\PlayerState\PlayerStateAttack\PlayerStateAttack.h">
      <Filter>Application\Object\Player\State</Filter>
    </ClInclude>
    <ClInclude Include="Application\Object\Character\Player\PlayerState\PlayerStateAvoidance\PlayerStateAvoidance.h">
      <Filter>Application\Object\Player\State</Filter>
    </ClInclude>
    <ClInclude Include="Application\Object\Character\Player\PlayerState\PlayerStateFactory.h">
      <Filter>Application\Object\Player\State</Filter>
    </ClInclude>
    <ClInclude Include="Application\Object\Character\Player\PlayerState\PlayerStateGuard\PlayerStateGuard.h">
      <Filter>Application\Object\Player\State</Filter>
    </ClInclude>
    <ClInclude Include="Application\Object\Character\Player\PlayerState\PlayerStateRecovery\PlayerStateRecovery.h">
      <Filter>Application\Object\Player\State</Filter>
    </ClInclude>
    <ClInclude Include="Application\Object\Character\Player\PlayerAttack\PlayerAttack.h">
      <Filter>Application\Object\Player\System</Filter>
    </ClInclude>
    <ClInclude Include="Application\Object\Character\Player\Player.h">
      <Filter>Application\Object\Player</Filter>
    </ClInclude>
    <ClInclude Include="Application\Object\Character\Player\PlayerCommand\PlayerCommand.h">
      <Filter>Application\Object\Player\System</Filter>
    </ClInclude>
    <ClInclude Include="Application\UI\TutorialUIManager.h">
      <Filter>Application\UI</Filter>
    </ClInclude>
    <ClInclude Include="Engine\2D\ImGuiManager.h">
      <Filter>Engine\2D\ImGui</Filter>
    </ClInclude>
    <ClInclude Include="Engine\2D\SpriteForGPU.h">
      <Filter>Engine\2D\Sprite</Filter>
    </ClInclude>
    <ClInclude Include="Engine\2D\SpriteVertex.h">
      <Filter>Engine\2D\Sprite</Filter>
    </ClInclude>
    <ClInclude Include="Engine\2D\Sprite.h">
      <Filter>Engine\2D\Sprite</Filter>
    </ClInclude>
    <ClInclude Include="Engine\3D\Fog\FogManager.h">
      <Filter>Engine\3D\Fog</Filter>
    </ClInclude>
    <ClInclude Include="Engine\3D\Fog\FogData.h">
      <Filter>Engine\3D\Fog</Filter>
    </ClInclude>
    <ClInclude Include="Engine\3D\Line\DrawLine.h">
      <Filter>Engine\3D\Line</Filter>
    </ClInclude>
    <ClInclude Include="Engine\3D\Line\LineForGPU.h">
      <Filter>Engine\3D\Line</Filter>
    </ClInclude>
    <ClInclude Include="Engine\3D\Material\MaterialData.h">
      <Filter>Engine\3D\Material</Filter>
    </ClInclude>
    <ClInclude Include="Engine\3D\Material\Material.h">
      <Filter>Engine\3D\Material</Filter>
    </ClInclude>
    <ClInclude Include="Engine\3D\Model\ModelManager.h">
      <Filter>Engine\3D\Model</Filter>
    </ClInclude>
    <ClInclude Include="Engine\3D\ManyObjects\LargeNumberOfObjects.h">
      <Filter>Engine\3D\ManyObjects</Filter>
    </ClInclude>
    <ClInclude Include="Engine\3D\ManyObjects\OneOfManyObjects.h">
      <Filter>Engine\3D\ManyObjects</Filter>
    </ClInclude>
    <ClInclude Include="Engine\3D\Outline\OutLineData.h">
      <Filter>Engine\3D\Outline</Filter>
    </ClInclude>
    <ClInclude Include="Engine\3D\Outline\Outline.h">
      <Filter>Engine\3D\Outline</Filter>
    </ClInclude>
    <ClInclude Include="Engine\3D\Transform\TransformationMatrix.h">
      <Filter>Engine\3D\Transform</Filter>
    </ClInclude>
    <ClInclude Include="Engine\3D\Transform\TransformStructure.h">
      <Filter>Engine\3D\Transform</Filter>
    </ClInclude>
    <ClInclude Include="Engine\3D\Transform\WorldTransform.h">
      <Filter>Engine\3D\Transform</Filter>
    </ClInclude>
    <ClInclude Include="Engine\3D\Vertex\VertexInfluence.h">
      <Filter>Engine\3D\Vertex</Filter>
    </ClInclude>
    <ClInclude Include="Engine\3D\Vertex\VertexData.h">
      <Filter>Engine\3D\Vertex</Filter>
    </ClInclude>
    <ClInclude Include="Engine\3D\Vertex\ColorVertexData.h">
      <Filter>Engine\3D\Vertex</Filter>
    </ClInclude>
    <ClInclude Include="Engine\Animation\SkinningInformation.h">
      <Filter>Engine\Animation</Filter>
    </ClInclude>
    <ClInclude Include="Engine\base\WindowSprite\WindowSprite.h">
      <Filter>Engine\Base\WindowSprite</Filter>
    </ClInclude>
    <ClInclude Include="Engine\ContactRecord\ContactRecord.h">
      <Filter>Engine\Contactrecord</Filter>
    </ClInclude>
    <ClInclude Include="Engine\Particle\BillBoardMatrix.h">
      <Filter>Engine\Particle</Filter>
    </ClInclude>
    <ClInclude Include="Engine\GPUParticle\GPUParticle.h">
      <Filter>Engine\Particle\GPUParticle</Filter>
    </ClInclude>
    <ClInclude Include="Engine\Particle\EmitterDesc.h">
      <Filter>Engine\Particle</Filter>
    </ClInclude>
    <ClInclude Include="Engine\GPUParticle\GPUPerticleView.h">
      <Filter>Engine\Particle\GPUParticle</Filter>
    </ClInclude>
    <ClInclude Include="Engine\GPUParticle\ParticleCS.h">
      <Filter>Engine\Particle\GPUParticle</Filter>
    </ClInclude>
    <ClInclude Include="Engine\Particle\ParticleDesc.h">
      <Filter>Engine\Particle</Filter>
    </ClInclude>
    <ClInclude Include="Engine\Level\LevelIndex.h">
      <Filter>Engine\Level</Filter>
    </ClInclude>
    <ClInclude Include="Engine\Level\LevelData.h">
      <Filter>Engine\Level</Filter>
    </ClInclude>
    <ClInclude Include="Engine\Level\LevelDataLoader.h">
      <Filter>Engine\Level</Filter>
    </ClInclude>
    <ClInclude Include="Engine\Level\LevelDataManager.h">
      <Filter>Engine\Level</Filter>
    </ClInclude>
    <ClInclude Include="Engine\Level\LevelDataViewing.h">
      <Filter>Engine\Level</Filter>
    </ClInclude>
    <ClInclude Include="Engine\SkyBox\SkyBox.h">
      <Filter>Engine\SkyBox</Filter>
    </ClInclude>
    <ClInclude Include="Engine\Object\AbstractObjectFactory.h">
      <Filter>Engine\Object</Filter>
    </ClInclude>
    <ClInclude Include="Engine\Object\MeshObject.h">
      <Filter>Engine\Object</Filter>
    </ClInclude>
    <ClInclude Include="Engine\Object\IObject.h">
      <Filter>Engine\Object</Filter>
    </ClInclude>
    <ClInclude Include="Engine\Animation\LocalMatrixDraw.h">
      <Filter>Engine\Animation</Filter>
    </ClInclude>
    <ClInclude Include="Application\Object\ObjectFactory.h">
      <Filter>Application\Object</Filter>
    </ClInclude>
    <ClInclude Include="Application\System\GameOverSystem.h">
      <Filter>Application\System</Filter>
    </ClInclude>
    <ClInclude Include="Application\Object\Obstacle\Ground\Ground.h">
      <Filter>Application\Object\Obstacle\Ground</Filter>
    </ClInclude>
    <ClInclude Include="Application\Object\Obstacle\Block\Block.h">
      <Filter>Application\Object\Obstacle\Block</Filter>
    </ClInclude>
    <ClInclude Include="Application\Object\Character\Enemy\BaseEnemy.h">
      <Filter>Application\Object\Enemy</Filter>
    </ClInclude>
    <ClInclude Include="Application\Object\Character\Enemy\Ghost\Ghost.h">
      <Filter>Application\Object\Enemy\Ghost</Filter>
    </ClInclude>
    <ClInclude Include="Application\Object\Character\Enemy\Ghost\GhostCommand.h">
      <Filter>Application\Object\Enemy\Ghost</Filter>
    </ClInclude>
    <ClInclude Include="Application\Object\Character\Enemy\Ghost\IGhostState.h">
      <Filter>Application\Object\Enemy\Ghost\State</Filter>
    </ClInclude>
    <ClInclude Include="Application\Object\Character\Enemy\Ghost\GhostStateFactory.h">
      <Filter>Application\Object\Enemy\Ghost\State</Filter>
    </ClInclude>
    <ClInclude Include="Application\Object\Character\Enemy\BaseEnemyAttack.h">
      <Filter>Application\Object\Enemy</Filter>
    </ClInclude>
    <ClInclude Include="Application\Object\Character\Enemy\AxSpearMan\AxSpearMan.h">
      <Filter>Application\Object\Enemy\AxSpearMan</Filter>
    </ClInclude>
    <ClInclude Include="Application\Object\Character\Enemy\AxSpearMan\AxSpearManStateFactory.h">
      <Filter>Application\Object\Enemy\AxSpearMan\State</Filter>
    </ClInclude>
    <ClInclude Include="Application\Object\Character\Enemy\AxSpearMan\IAxSpearManState.h">
      <Filter>Application\Object\Enemy\AxSpearMan\State</Filter>
    </ClInclude>
    <ClInclude Include="Engine\Object\BaseObjectManager.h">
      <Filter>Engine\Object</Filter>
    </ClInclude>
    <ClInclude Include="Application\Object\Manager\GameSceneObjectManager.h">
      <Filter>Application\Object\Manager</Filter>
    </ClInclude>
    <ClInclude Include="Application\Object\Character\Enemy\AxSpearMan\AxSpearManStateDashSwingDown.h">
      <Filter>Application\Object\Enemy\AxSpearMan\State\DashSwingDown</Filter>
    </ClInclude>
    <ClInclude Include="Application\Object\Character\Enemy\AxSpearMan\AxSpearManStateRoot.h">
      <Filter>Application\Object\Enemy\AxSpearMan\State\Root</Filter>
    </ClInclude>
    <ClInclude Include="Application\Object\Character\Enemy\AxSpearMan\AxSpearManStateWaitSee.h">
      <Filter>Application\Object\Enemy\AxSpearMan\State\WaitSee</Filter>
    </ClInclude>
    <ClInclude Include="Application\Object\Character\Enemy\Ghost\GhostStateAttack.h">
      <Filter>Application\Object\Enemy\Ghost\State\Attack</Filter>
    </ClInclude>
    <ClInclude Include="Application\Object\Character\Enemy\Ghost\GhostStateChase.h">
      <Filter>Application\Object\Enemy\Ghost\State\Chase</Filter>
    </ClInclude>
    <ClInclude Include="Application\Object\Character\Enemy\Ghost\GhostStateDamage.h">
      <Filter>Application\Object\Enemy\Ghost\State\Damage</Filter>
    </ClInclude>
    <ClInclude Include="Application\Object\Character\Enemy\Ghost\GhostStateRoot.h">
      <Filter>Application\Object\Enemy\Ghost\State\Root</Filter>
    </ClInclude>
    <ClInclude Include="Application\Object\Character\Enemy\Ghost\GhostStateDead.h">
      <Filter>Application\Object\Enemy\Ghost\State\Dead</Filter>
    </ClInclude>
    <ClInclude Include="Application\Object\Manager\TutorialSceneObjectManager.h">
      <Filter>Application\Object\Manager</Filter>
    </ClInclude>
    <ClInclude Include="Application\Object\Character\Enemy\AxSpearMan\AxSpearManStateShakeOff.h">
      <Filter>Application\Object\Enemy\AxSpearMan\State\ShakeOff</Filter>
    </ClInclude>
    <ClInclude Include="Application\Object\Character\Enemy\AxSpearMan\AxSpearManState3Consecutive.h">
      <Filter>Application\Object\Enemy\AxSpearMan\State\3Consecutive</Filter>
    </ClInclude>
    <ClInclude Include="Application\Object\Character\Enemy\AxSpearMan\AxSpearManCommand.h">
      <Filter>Application\Object\Enemy\AxSpearMan\System\Command</Filter>
    </ClInclude>
    <ClInclude Include="Application\Object\Character\Enemy\AxSpearMan\AxSpearManWeapon.h">
      <Filter>Application\Object\Enemy\AxSpearMan\System\Weapon</Filter>
    </ClInclude>
    <ClInclude Include="Engine\PostEffect\ShockWave\ShockWaveData.h">
      <Filter>Engine\PostEffect\ShockWave</Filter>
    </ClInclude>
    <ClInclude Include="Engine\PostEffect\ShockWave\ShockWaveManager.h">
      <Filter>Engine\PostEffect\ShockWave</Filter>
    </ClInclude>
    <ClInclude Include="Engine\PostEffect\Velocity2D\Velocity2DManager.h">
      <Filter>Engine\PostEffect\Velocity2D</Filter>
    </ClInclude>
    <ClInclude Include="Engine\PostEffect\Velocity2D\Velocity2DData.h">
      <Filter>Engine\PostEffect\Velocity2D</Filter>
    </ClInclude>
    <ClInclude Include="Engine\PostEffect\HSV\HSVFilter.h">
      <Filter>Engine\PostEffect\HSVFilter</Filter>
    </ClInclude>
    <ClInclude Include="Application\Object\Character\Enemy\AxSpearMan\AxSpearManBeam.h">
      <Filter>Application\Object\Enemy\AxSpearMan\System\Beam</Filter>
    </ClInclude>
    <ClInclude Include="Application\Object\Character\Enemy\AxSpearMan\AxSpearManBeamAttack.h">
      <Filter>Application\Object\Enemy\AxSpearMan\System\Beam</Filter>
    </ClInclude>
    <ClInclude Include="Application\Object\Character\Enemy\AxSpearMan\AxSpearManStateBeam.h">
      <Filter>Application\Object\Enemy\AxSpearMan\State\Beam</Filter>
    </ClInclude>
    <ClInclude Include="Engine\Physics\Gravity\Gravity.h">
      <Filter>Engine\Physics\Gravity</Filter>
    </ClInclude>
    <ClInclude Include="Application\Object\Weapon\BaseWeapon.h">
      <Filter>Application\Object\BaseWeapon</Filter>
    </ClInclude>
    <ClInclude Include="Engine\GPUParticle\EmitterCS.h">
      <Filter>Engine\Particle\GPUParticle</Filter>
    </ClInclude>
    <ClInclude Include="Engine\Math\PerFrame.h">
      <Filter>Engine\Math</Filter>
    </ClInclude>
    <ClInclude Include="Application\Object\Manager\TitleSceneObjectManager.h">
      <Filter>Application\Object\Manager</Filter>
    </ClInclude>
    <ClInclude Include="Application\Object\Character\Player\TitlePlayer\TitlePlayer.h">
      <Filter>Application\Object\Player\Title</Filter>
    </ClInclude>
    <ClInclude Include="Application\Object\Character\Player\PlayerWeapon\PlayerWeapon.h">
      <Filter>Application\Object\Player\System</Filter>
    </ClInclude>
    <ClInclude Include="Application\Object\Bonfire\Bonfire.h">
      <Filter>Application\Object\Bonfire</Filter>
    </ClInclude>
    <ClInclude Include="Application\Object\Character\Enemy\Ghost\GhostStateCadaver.h">
      <Filter>Application\Object\Enemy\Ghost\State\Cadaver</Filter>
    </ClInclude>
    <ClInclude Include="Application\Object\Obstacle\BaseObstacle.h">
      <Filter>Application\Object\Obstacle</Filter>
    </ClInclude>
    <ClInclude Include="Application\Object\Obstacle\Pillar\PillarFoundation.h">
      <Filter>Application\Object\Obstacle\PillarFoundation</Filter>
    </ClInclude>
    <ClInclude Include="Application\Object\RigidBodyObject\BaseRigidBodyObject.h">
      <Filter>Application\Object\Physics</Filter>
    </ClInclude>
    <ClInclude Include="Application\Object\RigidBodyObject\Piller\Pillar.h">
      <Filter>Application\Object\Physics\Pillar</Filter>
    </ClInclude>
    <ClInclude Include="Engine\Collision\Extrusion.h">
      <Filter>Engine\Collision</Filter>
    </ClInclude>
    <ClInclude Include="Application\Collider\ColliderParentIdentification.h">
      <Filter>Application\Collider</Filter>
    </ClInclude>
    <ClInclude Include="Application\Object\Character\Enemy\AxSpearMan\AxSpearManStateWaitingForBattle.h">
      <Filter>Application\Object\Enemy\AxSpearMan\State\WaitingForBattle</Filter>
    </ClInclude>
    <ClInclude Include="Application\System\BossSystem.h">
      <Filter>Application\System</Filter>
    </ClInclude>
    <ClInclude Include="Application\Object\Obstacle\BossFog\BossFog.h">
      <Filter>Application\Object\Obstacle\BossFog</Filter>
    </ClInclude>
    <ClInclude Include="Application\GPUParticle\BonfireParticle.h">
      <Filter>Application\GPUParticle\BonfireParticle</Filter>
    </ClInclude>
    <ClInclude Include="Application\GPUParticle\BloadParticle.h">
      <Filter>Application\GPUParticle\BloadParticle</Filter>
    </ClInclude>
    <ClInclude Include="Application\GPUParticle\FieldSparksParticle.h">
      <Filter>Application\GPUParticle\FieldSparksParticle</Filter>
    </ClInclude>
    <ClInclude Include="Application\GPUParticle\PillarSmokeParticle.h">
      <Filter>Application\GPUParticle\PillarSmokeParticle</Filter>
    </ClInclude>
    <ClInclude Include="Application\Object\StringObject\BaseStringObject.h">
      <Filter>Application\Object\String</Filter>
    </ClInclude>
    <ClInclude Include="Engine\Physics\Cloth\Cloth.h">
      <Filter>Engine\Physics\Cloth</Filter>
    </ClInclude>
    <ClInclude Include="Application\Scene\DebugScene\DebugScene.h">
      <Filter>Application\Scene</Filter>
    </ClInclude>
    <ClInclude Include="Engine\Physics\ClothGPU\ClothGPU.h">
      <Filter>Engine\Physics\ClothGPU</Filter>
    </ClInclude>
    <ClInclude Include="Engine\Physics\Cloth\ClothModel.h">
      <Filter>Engine\Physics\Cloth</Filter>
    </ClInclude>
    <ClInclude Include="Application\Object\ClothObject\Flag\Flag.h">
      <Filter>Application\Object\Flag</Filter>
    </ClInclude>
    <ClInclude Include="Application\Object\Obstacle\FlagPole\FlagPole.h">
      <Filter>Application\Object\Flag</Filter>
    </ClInclude>
    <ClInclude Include="Application\Object\Obstacle\FlagPole\FlagPole2.h">
      <Filter>Application\Object\Flag</Filter>
    </ClInclude>
    <ClInclude Include="Engine\base\Debug\CrashHandler.h">
      <Filter>Engine\Base\Debug</Filter>
    </ClInclude>
    <ClInclude Include="Engine\base\Debug\D3DResourceLeakChecker.h">
      <Filter>Engine\Base\Debug</Filter>
    </ClInclude>
    <ClInclude Include="Engine\base\Debug\QueryTimestamp.h">
      <Filter>Engine\Base\Debug</Filter>
    </ClInclude>
    <ClInclude Include="Engine\base\Debug\SafeDelete.h">
      <Filter>Engine\Base\Debug</Filter>
    </ClInclude>
    <ClInclude Include="Engine\base\Texture\TextureUAV.h">
      <Filter>Engine\Base\Texture</Filter>
    </ClInclude>
    <ClInclude Include="Engine\base\Texture\TextureManager.h">
      <Filter>Engine\Base\Texture</Filter>
    </ClInclude>
    <ClInclude Include="Engine\base\DescriptorHerpManager\DSVDescriptorHerpManager.h">
      <Filter>Engine\Base\DescriptorHerpManager</Filter>
    </ClInclude>
    <ClInclude Include="Engine\base\DescriptorHerpManager\SRVDescriptorHerpManager.h">
      <Filter>Engine\Base\DescriptorHerpManager</Filter>
    </ClInclude>
    <ClInclude Include="Engine\base\DescriptorHerpManager\RTVDescriptorHerpManager.h">
      <Filter>Engine\Base\DescriptorHerpManager</Filter>
    </ClInclude>
    <ClInclude Include="Engine\base\Texture\RenderTargetTexture.h">
      <Filter>Engine\Base\Texture</Filter>
    </ClInclude>
    <ClInclude Include="Engine\base\DxCommon\SwapChain.h">
      <Filter>Engine\Base\DxCommon</Filter>
    </ClInclude>
    <ClInclude Include="Engine\base\DxCommon\DirectXCommon.h">
      <Filter>Engine\Base\DxCommon</Filter>
    </ClInclude>
    <ClInclude Include="Engine\base\DxCommon\DxCommand.h">
      <Filter>Engine\Base\DxCommon</Filter>
    </ClInclude>
    <ClInclude Include="Engine\base\DxCommon\DXGIDevice.h">
      <Filter>Engine\Base\DxCommon</Filter>
    </ClInclude>
    <ClInclude Include="Engine\base\DxCommon\Log.h">
      <Filter>Engine\Base\DxCommon</Filter>
    </ClInclude>
    <ClInclude Include="Engine\Physics\ClothGPU\ClothGPUCollision.h">
      <Filter>Engine\Physics\ClothGPU</Filter>
    </ClInclude>
    <ClInclude Include="Application\Object\ClothObject\BaseClothObject.h">
      <Filter>Application\Object\Flag</Filter>
    </ClInclude>
  </ItemGroup>
  <ItemGroup>
    <Text Include="externals\imgui\LICENSE.txt">
      <Filter>externals\imgui</Filter>
    </Text>
  </ItemGroup>
  <ItemGroup>
    <None Include=".editorconfig" />
    <None Include="NomuEngine.vcxproj.user" />
    <None Include="Resources\shaders\Collider2DDebug\Collider2DDebug.hlsli">
      <Filter>shaders\Collider2DDebug</Filter>
    </None>
    <None Include="Resources\shaders\Line\Line.hlsli">
      <Filter>shaders\Line</Filter>
    </None>
    <None Include="Resources\shaders\Particle\Particle.hlsli">
      <Filter>shaders\Patrticle</Filter>
    </None>
    <None Include="Resources\shaders\PostEffect\PostEffect.hlsli">
      <Filter>shaders\PostEffect</Filter>
    </None>
    <None Include="Resources\shaders\Sprite\Sprite.hlsli">
      <Filter>shaders\Sprite</Filter>
    </None>
    <None Include="Resources\shaders\WindowSprite\WindowSprite.hlsli">
      <Filter>shaders\WindowSprite</Filter>
    </None>
    <None Include="Resources\shaders\Skybox\Skybox.hlsli">
      <Filter>shaders\Skybox</Filter>
    </None>
    <None Include="Resources\shaders\Model\ManyModels.hlsli">
      <Filter>shaders\Model</Filter>
    </None>
    <None Include="Resources\shaders\Model\Model.hlsli">
      <Filter>shaders\Model</Filter>
    </None>
    <None Include="Resources\shaders\GPUParticle\GPUParticle.hlsli">
      <Filter>shaders\GPUParticle</Filter>
    </None>
    <None Include="Resources\shaders\RandomGenerator\RandomGenerator.hlsli">
      <Filter>shaders</Filter>
    </None>
    <None Include="Resources\shaders\GPUParticle\GPUParticle.CS.hlsli">
      <Filter>shaders\GPUParticle\CS</Filter>
    </None>
    <None Include="Resources\shaders\BonfireParticle\Bonfire.CS.hlsli">
      <Filter>shaders\GPUParticle\BonfireParticle\CS</Filter>
    </None>
    <None Include="Resources\shaders\GPUParticle\GPUParticleDissolve.hlsli">
      <Filter>shaders\GPUParticle</Filter>
    </None>
    <None Include="Resources\shaders\PostEffect\PostEffectParameters.hlsli">
      <Filter>shaders\PostEffect</Filter>
    </None>
    <None Include="Resources\shaders\BloadParticle\Bload.CS.hlsli">
      <Filter>shaders\GPUParticle\BloadParticle\CS</Filter>
    </None>
    <None Include="Resources\shaders\FieldSparksParticle\FieldSparks.CS.hlsli">
      <Filter>shaders\GPUParticle\FieldSparksParticle\CS</Filter>
    </None>
    <None Include="Resources\shaders\PillarSmokeParticle\PillarSmoke.CS.hlsli">
      <Filter>shaders\GPUParticle\PillarSmokeParticle\CS</Filter>
    </None>
    <None Include="Resources\shaders\Cloth\Cloth.hlsli">
      <Filter>shaders\Cloth</Filter>
    </None>
    <None Include="Resources\shaders\ClothGPU\ClothGPU.CS.hlsli">
      <Filter>shaders\ClothGPU</Filter>
    </None>
  </ItemGroup>
  <ItemGroup>
    <ResourceCompile Include="NomuEngine.rc">
      <Filter>リソース ファイル</Filter>
    </ResourceCompile>
  </ItemGroup>
  <ItemGroup>
    <FxCompile Include="Resources\shaders\Collider2DDebug\Collider2DDebug.PS.hlsl">
      <Filter>shaders\Collider2DDebug</Filter>
    </FxCompile>
    <FxCompile Include="Resources\shaders\Collider2DDebug\Collider2DDebug.VS.hlsl">
      <Filter>shaders\Collider2DDebug</Filter>
    </FxCompile>
    <FxCompile Include="Resources\shaders\Line\Line.VS.hlsl">
      <Filter>shaders\Line</Filter>
    </FxCompile>
    <FxCompile Include="Resources\shaders\Line\Line.PS.hlsl">
      <Filter>shaders\Line</Filter>
    </FxCompile>
    <FxCompile Include="Resources\shaders\Particle\Particle.PS.hlsl">
      <Filter>shaders\Patrticle</Filter>
    </FxCompile>
    <FxCompile Include="Resources\shaders\Particle\Particle.VS.hlsl">
      <Filter>shaders\Patrticle</Filter>
    </FxCompile>
    <FxCompile Include="Resources\shaders\PostEffect\PostEffect.CS.hlsl">
      <Filter>shaders\PostEffect</Filter>
    </FxCompile>
    <FxCompile Include="Resources\shaders\Sprite\Sprite.VS.hlsl">
      <Filter>shaders\Sprite</Filter>
    </FxCompile>
    <FxCompile Include="Resources\shaders\Sprite\Sprite.PS.hlsl">
      <Filter>shaders\Sprite</Filter>
    </FxCompile>
    <FxCompile Include="Resources\shaders\WindowSprite\WindowSprite.VS.hlsl">
      <Filter>shaders\WindowSprite</Filter>
    </FxCompile>
    <FxCompile Include="Resources\shaders\WindowSprite\WindowSprite.PS.hlsl">
      <Filter>shaders\WindowSprite</Filter>
    </FxCompile>
    <FxCompile Include="Resources\shaders\Skybox\Skybox.VS.hlsl">
      <Filter>shaders\Skybox</Filter>
    </FxCompile>
    <FxCompile Include="Resources\shaders\Skybox\Skybox.PS.hlsl">
      <Filter>shaders\Skybox</Filter>
    </FxCompile>
    <FxCompile Include="Resources\shaders\Model\AnimModel.CS.hlsl">
      <Filter>shaders\Model</Filter>
    </FxCompile>
    <FxCompile Include="Resources\shaders\Model\AnimModel.VS.hlsl">
      <Filter>shaders\Model</Filter>
    </FxCompile>
    <FxCompile Include="Resources\shaders\Model\AnimModelInitialize.CS.hlsl">
      <Filter>shaders\Model</Filter>
    </FxCompile>
    <FxCompile Include="Resources\shaders\Model\ManyAnimModels.VS.hlsl">
      <Filter>shaders\Model</Filter>
    </FxCompile>
    <FxCompile Include="Resources\shaders\Model\ManyModels.PS.hlsl">
      <Filter>shaders\Model</Filter>
    </FxCompile>
    <FxCompile Include="Resources\shaders\Model\ManyNormalModels.VS.hlsl">
      <Filter>shaders\Model</Filter>
    </FxCompile>
    <FxCompile Include="Resources\shaders\Model\Model.PS.hlsl">
      <Filter>shaders\Model</Filter>
    </FxCompile>
    <FxCompile Include="Resources\shaders\Model\NormalModel.VS.hlsl">
      <Filter>shaders\Model</Filter>
    </FxCompile>
    <FxCompile Include="Resources\shaders\Model\ModelRT2.PS.hlsl">
      <Filter>shaders\Model</Filter>
    </FxCompile>
    <FxCompile Include="Resources\shaders\PostEffect\LuminanceBasedOutline.CS.hlsl">
      <Filter>shaders\PostEffect</Filter>
    </FxCompile>
    <FxCompile Include="Resources\shaders\GPUParticle\GPUParticle.PS.hlsl">
      <Filter>shaders\GPUParticle</Filter>
    </FxCompile>
    <FxCompile Include="Resources\shaders\GPUParticle\GPUParticle.VS.hlsl">
      <Filter>shaders\GPUParticle</Filter>
    </FxCompile>
    <FxCompile Include="Resources\shaders\PostEffect\PostEffectCalc.CS.hlsl">
      <Filter>shaders\PostEffect</Filter>
    </FxCompile>
    <FxCompile Include="Resources\shaders\GPUParticle\ParticleInitialize.CS.hlsl">
      <Filter>shaders\GPUParticle\CS</Filter>
    </FxCompile>
    <FxCompile Include="Resources\shaders\GPUParticle\ParticleEmit.CS.hlsl">
      <Filter>shaders\GPUParticle\CS</Filter>
    </FxCompile>
    <FxCompile Include="Resources\shaders\GPUParticle\ParticleUpdate.CS.hlsl">
      <Filter>shaders\GPUParticle\CS</Filter>
    </FxCompile>
    <FxCompile Include="Resources\shaders\BonfireParticle\BonfireUpdate.CS.hlsl">
      <Filter>shaders\GPUParticle\BonfireParticle\CS</Filter>
    </FxCompile>
    <FxCompile Include="Resources\shaders\BonfireParticle\BonfireEmit.CS.hlsl">
      <Filter>shaders\GPUParticle\BonfireParticle\CS</Filter>
    </FxCompile>
    <FxCompile Include="Resources\shaders\BonfireParticle\BonfireInitialize.CS.hlsl">
      <Filter>shaders\GPUParticle\BonfireParticle\CS</Filter>
    </FxCompile>
    <FxCompile Include="Resources\shaders\GPUParticle\GPUParticleDissolve.PS.hlsl">
      <Filter>shaders\GPUParticle</Filter>
    </FxCompile>
    <FxCompile Include="Resources\shaders\GPUParticle\GPUParticleDissolve.VS.hlsl">
      <Filter>shaders\GPUParticle</Filter>
    </FxCompile>
    <FxCompile Include="Resources\shaders\PostEffect\SSAO.CS.hlsl">
      <Filter>shaders\PostEffect</Filter>
    </FxCompile>
    <FxCompile Include="Resources\shaders\PostEffect\BinaryThreshold.CS.hlsl">
      <Filter>shaders\PostEffect\BinaryThreshold</Filter>
    </FxCompile>
    <FxCompile Include="Resources\shaders\PostEffect\GaussianBlurHorizontal.CS.hlsl">
      <Filter>shaders\PostEffect\GaussianBlur</Filter>
    </FxCompile>
    <FxCompile Include="Resources\shaders\PostEffect\GaussianBlurVertical.CS.hlsl">
      <Filter>shaders\PostEffect\GaussianBlur</Filter>
    </FxCompile>
    <FxCompile Include="Resources\shaders\PostEffect\BloomHorizontal.CS.hlsl">
      <Filter>shaders\PostEffect\Bloom</Filter>
    </FxCompile>
    <FxCompile Include="Resources\shaders\PostEffect\BloomVertical.CS.hlsl">
      <Filter>shaders\PostEffect\Bloom</Filter>
    </FxCompile>
    <FxCompile Include="Resources\shaders\PostEffect\MotionBlur.CS.hlsl">
      <Filter>shaders\PostEffect\MotionBlur</Filter>
    </FxCompile>
    <FxCompile Include="Resources\shaders\PostEffect\WhiteNoise.CS.hlsl">
      <Filter>shaders\PostEffect\WhiteNoise</Filter>
    </FxCompile>
    <FxCompile Include="Resources\shaders\PostEffect\ScanLine.CS.hlsl">
      <Filter>shaders\PostEffect\ScanLine</Filter>
    </FxCompile>
    <FxCompile Include="Resources\shaders\PostEffect\RGBShift.CS.hlsl">
      <Filter>shaders\PostEffect\RGBShift</Filter>
    </FxCompile>
    <FxCompile Include="Resources\shaders\PostEffect\BarrelCurved.CS.hlsl">
      <Filter>shaders\PostEffect\BarrelCurved</Filter>
    </FxCompile>
    <FxCompile Include="Resources\shaders\PostEffect\Vignette.CS.hlsl">
      <Filter>shaders\PostEffect\Vignette</Filter>
    </FxCompile>
    <FxCompile Include="Resources\shaders\PostEffect\Glitch.CS.hlsl">
      <Filter>shaders\PostEffect\Glitch</Filter>
    </FxCompile>
    <FxCompile Include="Resources\shaders\PostEffect\RadialBlur.CS.hlsl">
      <Filter>shaders\PostEffect\RadialBlur</Filter>
    </FxCompile>
    <FxCompile Include="Resources\shaders\PostEffect\ShockWave.CS.hlsl">
      <Filter>shaders\PostEffect\ShockWave</Filter>
    </FxCompile>
    <FxCompile Include="Resources\shaders\PostEffect\FlarePara.CS.hlsl">
      <Filter>shaders\PostEffect\FlarePara</Filter>
    </FxCompile>
    <FxCompile Include="Resources\shaders\PostEffect\GrayScale.CS.hlsl">
      <Filter>shaders\PostEffect\GrayScale</Filter>
    </FxCompile>
    <FxCompile Include="Resources\shaders\PostEffect\Sepia.CS.hlsl">
      <Filter>shaders\PostEffect\Sepia</Filter>
    </FxCompile>
    <FxCompile Include="Resources\shaders\PostEffect\Outline.CS.hlsl">
      <Filter>shaders\PostEffect\Outline</Filter>
    </FxCompile>
    <FxCompile Include="Resources\shaders\PostEffect\Dissolve.CS.hlsl">
      <Filter>shaders\PostEffect\Dissolve</Filter>
    </FxCompile>
    <FxCompile Include="Resources\shaders\PostEffect\HSVFilter.CS.hlsl">
      <Filter>shaders\PostEffect\HSVFilter</Filter>
    </FxCompile>
    <FxCompile Include="Resources\shaders\BloadParticle\BloadEmit.CS.hlsl">
      <Filter>shaders\GPUParticle\BloadParticle\CS</Filter>
    </FxCompile>
    <FxCompile Include="Resources\shaders\BloadParticle\BloadInitialize.CS.hlsl">
      <Filter>shaders\GPUParticle\BloadParticle\CS</Filter>
    </FxCompile>
    <FxCompile Include="Resources\shaders\BloadParticle\BloadUpdate.CS.hlsl">
      <Filter>shaders\GPUParticle\BloadParticle\CS</Filter>
    </FxCompile>
    <FxCompile Include="Resources\shaders\FieldSparksParticle\FieldSparksEmit.CS.hlsl">
      <Filter>shaders\GPUParticle\FieldSparksParticle\CS</Filter>
    </FxCompile>
    <FxCompile Include="Resources\shaders\FieldSparksParticle\FieldSparksInitialize.CS.hlsl">
      <Filter>shaders\GPUParticle\FieldSparksParticle\CS</Filter>
    </FxCompile>
    <FxCompile Include="Resources\shaders\FieldSparksParticle\FieldSparksUpdate.CS.hlsl">
      <Filter>shaders\GPUParticle\FieldSparksParticle\CS</Filter>
    </FxCompile>
    <FxCompile Include="Resources\shaders\PillarSmokeParticle\PillarSmokeEmit.CS.hlsl">
      <Filter>shaders\GPUParticle\PillarSmokeParticle\CS</Filter>
    </FxCompile>
    <FxCompile Include="Resources\shaders\PillarSmokeParticle\PillarSmokeInitialize.CS.hlsl">
      <Filter>shaders\GPUParticle\PillarSmokeParticle\CS</Filter>
    </FxCompile>
    <FxCompile Include="Resources\shaders\PillarSmokeParticle\PillarSmokeUpdate.CS.hlsl">
      <Filter>shaders\GPUParticle\PillarSmokeParticle\CS</Filter>
    </FxCompile>
    <FxCompile Include="Resources\shaders\GPUParticle\GPUParticleBlendNormal.VS.hlsl">
      <Filter>shaders\GPUParticle</Filter>
    </FxCompile>
    <FxCompile Include="Resources\shaders\Cloth\Cloth.PS.hlsl">
      <Filter>shaders\Cloth</Filter>
    </FxCompile>
    <FxCompile Include="Resources\shaders\Cloth\Cloth.VS.hlsl">
      <Filter>shaders\Cloth</Filter>
    </FxCompile>
    <FxCompile Include="Resources\shaders\ClothGPU\ClothInitVertex.CS.hlsl">
      <Filter>shaders\ClothGPU</Filter>
    </FxCompile>
    <FxCompile Include="Resources\shaders\ClothGPU\ClothInitMassPoint.CS.hlsl">
      <Filter>shaders\ClothGPU</Filter>
    </FxCompile>
    <FxCompile Include="Resources\shaders\ClothGPU\ClothInitSurface.CS.hlsl">
      <Filter>shaders\ClothGPU</Filter>
    </FxCompile>
    <FxCompile Include="Resources\shaders\ClothGPU\ClothUpdateExternalOperation.CS.hlsl">
      <Filter>shaders\ClothGPU</Filter>
    </FxCompile>
    <FxCompile Include="Resources\shaders\ClothGPU\ClothUpdateIntegral.CS.hlsl">
      <Filter>shaders\ClothGPU</Filter>
    </FxCompile>
    <FxCompile Include="Resources\shaders\ClothGPU\ClothUpdateSpring.CS.hlsl">
      <Filter>shaders\ClothGPU</Filter>
    </FxCompile>
    <FxCompile Include="Resources\shaders\ClothGPU\ClothUpdateVertex.CS.hlsl">
      <Filter>shaders\ClothGPU</Filter>
    </FxCompile>
    <FxCompile Include="Resources\shaders\ClothGPU\ClothGPU.VS.hlsl">
      <Filter>shaders\ClothGPU</Filter>
    </FxCompile>
    <FxCompile Include="Resources\shaders\ClothGPU\ClothUpdateSurface.CS.hlsl">
      <Filter>shaders\ClothGPU</Filter>
    </FxCompile>
  </ItemGroup>
</Project>